PODS:
  - Alamofire (4.7.2)
  - BigInt (3.0.1):
    - SipHash (~> 1.2)
  - Bolts (1.9.0):
    - Bolts/AppLinks (= 1.9.0)
    - Bolts/Tasks (= 1.9.0)
  - Bolts/AppLinks (1.9.0):
    - Bolts/Tasks
  - Bolts/Tasks (1.9.0)
  - Cache (4.2.0)
  - Crashlytics (3.10.2):
    - Fabric (~> 1.7.7)
  - CryptoSwift (0.8.3)
  - Fabric (1.7.7)
  - FacebookCore (0.3.1):
    - Bolts (~> 1.8)
    - FBSDKCoreKit (~> 4.33)
  - FacebookLogin (0.3.1):
    - Bolts (~> 1.8)
    - FacebookCore (~> 0.3.1)
    - FBSDKCoreKit (~> 4.33)
    - FBSDKLoginKit (~> 4.33)
  - FacebookShare (0.3.1):
    - Bolts (~> 1.8)
    - FacebookCore (~> 0.3.1)
    - FBSDKCoreKit (~> 4.33)
    - FBSDKShareKit (~> 4.33)
  - FBSDKCoreKit (4.33.0):
    - Bolts (~> 1.7)
  - FBSDKLoginKit (4.33.0):
    - FBSDKCoreKit
  - FBSDKShareKit (4.33.0):
    - FBSDKCoreKit (~> 4.33.0)
  - Firebase/Core (5.2.0):
    - Firebase/CoreOnly
    - FirebaseAnalytics (= 5.0.1)
  - Firebase/CoreOnly (5.2.0):
    - FirebaseCore (= 5.0.3)
  - Firebase/Messaging (5.2.0):
    - Firebase/CoreOnly
    - FirebaseMessaging (= 3.0.2)
  - Firebase/Performance (5.2.0):
    - Firebase/Core
    - FirebasePerformance (= 2.0.0)
  - FirebaseAnalytics (5.0.1):
    - FirebaseCore (~> 5.0)
    - FirebaseInstanceID (~> 3.0)
    - "GoogleToolboxForMac/NSData+zlib (~> 2.1)"
    - nanopb (~> 0.3)
  - FirebaseCore (5.0.3):
    - "GoogleToolboxForMac/NSData+zlib (~> 2.1)"
  - FirebaseInstanceID (3.1.0):
    - FirebaseCore (~> 5.0)
  - FirebaseMessaging (3.0.2):
    - FirebaseCore (~> 5.0)
    - FirebaseInstanceID (~> 3.0)
    - GoogleToolboxForMac/Logger (~> 2.1)
    - Protobuf (~> 3.1)
  - FirebasePerformance (2.0.0):
    - FirebaseAnalytics (~> 5.0)
    - FirebaseInstanceID (~> 3.0)
    - FirebaseSwizzlingUtilities/ISASwizzling (~> 2.0)
    - FirebaseSwizzlingUtilities/MethodSwizzling (~> 2.0)
    - GoogleToolboxForMac/Logger (~> 2.1)
    - "GoogleToolboxForMac/NSData+zlib (~> 2.1)"
    - GTMSessionFetcher/Core (~> 1.1)
    - Protobuf (~> 3.5)
  - FirebaseSwizzlingUtilities/ISASwizzling (2.0.0)
  - FirebaseSwizzlingUtilities/MethodSwizzling (2.0.0):
    - FirebaseCore (~> 5.0)
  - GoogleToolboxForMac/Defines (2.1.4)
  - GoogleToolboxForMac/Logger (2.1.4):
    - GoogleToolboxForMac/Defines (= 2.1.4)
  - "GoogleToolboxForMac/NSData+zlib (2.1.4)":
    - GoogleToolboxForMac/Defines (= 2.1.4)
  - GTMSessionFetcher/Core (1.1.15)
  - IGListKit (3.4.0):
    - IGListKit/Default (= 3.4.0)
  - IGListKit/Default (3.4.0):
    - IGListKit/Diffing
  - IGListKit/Diffing (3.4.0)
  - KeychainSwift (11.0.0)
  - LatoFont (2.0.1)
  - Mixpanel-swift (2.2.2):
    - Mixpanel-swift/Complete (= 2.2.2)
  - Mixpanel-swift/Complete (2.2.2)
  - MontserratFont (1.1)
  - Moya/Core (11.0.2):
    - Alamofire (~> 4.1)
    - Result (~> 3.0)
  - Moya/RxSwift (11.0.2):
    - Moya/Core
    - RxSwift (~> 4.0)
  - nanopb (0.3.8):
    - nanopb/decode (= 0.3.8)
    - nanopb/encode (= 0.3.8)
  - nanopb/decode (0.3.8)
  - nanopb/encode (0.3.8)
  - NextResponderTextField (3.0.0)
  - Nuke (7.1)
  - Protobuf (3.6.0)
  - Realm (3.7.1):
    - Realm/Headers (= 3.7.1)
  - Realm/Headers (3.7.1)
  - RealmSwift (3.7.1):
    - Realm (= 3.7.1)
  - Result (3.2.4)
  - RxBlocking (4.1.2):
    - RxSwift (~> 4.0)
  - RxCocoa (4.1.2):
    - RxSwift (~> 4.0)
  - RxSwift (4.1.2)
  - RxTest (4.1.2):
    - RxSwift (~> 4.0)
  - SipHash (1.2.1)
  - SwiftLint (0.25.1)
  - TrezorCrypto (0.0.5)
  - TrustCore (0.0.7):
    - BigInt
    - TrezorCrypto
  - TrustKeystore (0.4.1):
    - BigInt
    - CryptoSwift
    - TrezorCrypto
    - TrustCore
  - TrustWeb3Provider (0.1.7)
  - XLPagerTabStrip (8.0.1)

DEPENDENCIES:
  - BigInt
  - Cache
  - Crashlytics
  - CryptoSwift (~> 0.8.1)
  - Fabric
  - FacebookCore
  - FacebookLogin
  - FacebookShare
  - Firebase/Core
  - Firebase/Messaging
  - Firebase/Performance
  - IGListKit (~> 3.0)
  - KeychainSwift (~> 11.0)
  - LatoFont (from `https://github.com/cj-zeiger/LatoFont`, branch `master`)
  - Mixpanel-swift (from `https://github.com/mixpanel/mixpanel-swift.git`, branch `swift4`)
  - MontserratFont (from `https://github.com/cj-zeiger/MontserratFont`, branch `master`)
  - Moya/RxSwift (~> 11.0)
  - NextResponderTextField
  - Nuke
  - RealmSwift
  - RxBlocking
  - RxCocoa (~> 4.0)
  - RxSwift (~> 4.0)
  - RxTest
  - SwiftLint
  - TrustCore (~> 0.0.7)
  - TrustKeystore (~> 0.4.0)
  - TrustWeb3Provider (from `https://github.com/TrustWallet/trust-web3-provider`, branch `master`)
  - XLPagerTabStrip (~> 8.0)

SPEC REPOS:
  https://github.com/cocoapods/specs.git:
    - Alamofire
    - BigInt
    - Bolts
    - Cache
    - Crashlytics
    - CryptoSwift
    - Fabric
    - FacebookCore
    - FacebookLogin
    - FacebookShare
    - FBSDKCoreKit
    - FBSDKLoginKit
    - FBSDKShareKit
    - Firebase
    - FirebaseAnalytics
    - FirebaseCore
    - FirebaseInstanceID
    - FirebaseMessaging
    - FirebasePerformance
    - FirebaseSwizzlingUtilities
    - GoogleToolboxForMac
    - GTMSessionFetcher
    - IGListKit
    - KeychainSwift
    - Moya
    - nanopb
    - NextResponderTextField
    - Nuke
    - Protobuf
    - Realm
    - RealmSwift
    - Result
    - RxBlocking
    - RxCocoa
    - RxSwift
    - RxTest
    - SipHash
    - SwiftLint
    - TrezorCrypto
    - TrustCore
    - TrustKeystore
    - XLPagerTabStrip

EXTERNAL SOURCES:
  LatoFont:
    :branch: master
    :git: https://github.com/cj-zeiger/LatoFont
  Mixpanel-swift:
    :branch: swift4
    :git: https://github.com/mixpanel/mixpanel-swift.git
  MontserratFont:
    :branch: master
    :git: https://github.com/cj-zeiger/MontserratFont
  TrustWeb3Provider:
    :branch: master
    :git: https://github.com/TrustWallet/trust-web3-provider

CHECKOUT OPTIONS:
  LatoFont:
    :commit: dcdbab89dcd21416f41292954e4b092372944c8b
    :git: https://github.com/cj-zeiger/LatoFont
  Mixpanel-swift:
    :commit: a057763547eeac578e1effe05a4e26319c8197bd
    :git: https://github.com/mixpanel/mixpanel-swift.git
  MontserratFont:
    :commit: 12fab825ddafd806d7060d8f15d0c27919701a42
    :git: https://github.com/cj-zeiger/MontserratFont
  TrustWeb3Provider:
    :commit: db33eee2ab92f45f484d77f62cbefc78450348ce
    :git: https://github.com/TrustWallet/trust-web3-provider

SPEC CHECKSUMS:
  Alamofire: e4fa87002c137ba2d8d634d2c51fabcda0d5c223
  BigInt: 8e8a52161c745cd3ab78e3dc346a9fbee51e6cf6
  Bolts: ac6567323eac61e203f6a9763667d0f711be34c8
  Cache: f28f8dd64b632155aabf9b3906b036a659048251
  Crashlytics: 0360624eea1c978a743feddb2fb1ef8b37fb7a0d
  CryptoSwift: 033efc3523865d19cc6ab6612fa17a62613b5dfa
  Fabric: bda89e242bce1b7b8ab264248cf3407774ce0095
  FacebookCore: 33078ef1d7d76b73f7e8c990dca7d3ea6db8d22f
  FacebookLogin: 6f15bf4fefd7a8865abbfa8fcd7f3dfd87aa275f
  FacebookShare: c9ee8e5399d961fda00ded9befccacfe04fccf93
  FBSDKCoreKit: 572b047a7e029bc44542bcf8a59414e7ff2b543e
  FBSDKLoginKit: 88cb456349cfb3b554427ce4f8b43729d85dfb40
  FBSDKShareKit: 1869cb24db2cea90666a50cb9d568deb38e2d16e
  Firebase: 25ed0412036d7d008568d1fb4d2e9d81ea8a0a2c
  FirebaseAnalytics: b3628aea54c50464c32c393fb2ea032566e7ecc2
  FirebaseCore: a3c87242451633fff8490183898075ce77d168d2
  FirebaseInstanceID: 05d779cbb97bd5bd5c51a38a903fc9cfe1b2454a
  FirebaseMessaging: 6894b8fe0a0cf26c3b13dad729f1131654ae0bdb
  FirebasePerformance: 1ec6c40e5dad2543ca4c4f25d15168bde6322c2c
  FirebaseSwizzlingUtilities: 6c22677c50d0b6f5f0dc637c1233f13694a3003f
  GoogleToolboxForMac: 91c824d21e85b31c2aae9bb011c5027c9b4e738f
  GTMSessionFetcher: 5fa5b80fd20e439ef5f545fb2cb3ca6c6714caa2
  IGListKit: 7a5d788e9fb746bcd402baa8e8b24bc3bd2a5a07
  KeychainSwift: bea6bd9f98af7b8d7ca4aa79fe105c00fab532db
  LatoFont: 2bb2a5ab140299a3ccdb8bde61a8720d7bef75c7
  Mixpanel-swift: 2cd7aac92ad4e9ba2957479c6e6db9b9170944bb
  MontserratFont: 0c2b12306b459b283bebae69b2b3013d49082046
  Moya: a725035953bc1c0eb1be505ab903984501d82440
  nanopb: 5601e6bca2dbf1ed831b519092ec110f66982ca3
  NextResponderTextField: 07ee7b2737981bfd402f63f390bf3de55e245ccd
  Nuke: 922cb05945ed5c7980a3ad0bc9ae57fbbd12899f
  Protobuf: 0fc0ad8bec688b2a3017a139953e01374fedbd5f
  Realm: 906be37d52f17f25484ac01643a7f26a9d3bfbd5
  RealmSwift: 1c2b6bae3dc55bb87e080ffa96537d71442f6dce
  Result: d2d07204ce72856f1fd9130bbe42c35a7b0fea10
  RxBlocking: f6054985901412fc8c02daa84e92d4ba68c61389
  RxCocoa: d88ba0f1f6abf040011a9eb4b539324fc426843a
  RxSwift: e49536837d9901277638493ea537394d4b55f570
  RxTest: e634f15fd2c2cd0e0120132ef7a4f7be69ad0393
  SipHash: b26918dbe6925368d4322374371437c62c9038e2
  SwiftLint: ce933681be10c3266e82576dad676fa815a602e9
  TrezorCrypto: ecef681446bf02af6248d3b5e394026d7e766e56
  TrustCore: 688df9a241008cf9cfa3842ec8ef28777a8b7534
  TrustKeystore: fdd5936098af80b9478122bbd3a89477a5389298
  TrustWeb3Provider: 50fa391bdf170feb43dd4419992931510a5751d8
  XLPagerTabStrip: c908b17cbf42fcd2598ee1adfc49bae25444d88a

PODFILE CHECKSUM: 6ff3b9f72d1d3a137c4ee49d07ae91cb29e4f8fc

COCOAPODS: 1.5.3
