PODS:
  - Alamofire (4.7.2)
  - BigInt (3.0.1):
    - SipHash (~> 1.2)
  - Bolts (1.9.0):
    - Bolts/AppLinks (= 1.9.0)
    - Bolts/Tasks (= 1.9.0)
  - Bolts/AppLinks (1.9.0):
    - Bolts/Tasks
  - Bolts/Tasks (1.9.0)
  - Cache (4.2.0)
  - Crashlytics (3.10.2):
    - Fabric (~> 1.7.7)
  - CryptoSwift (0.8.3)
  - Fabric (1.7.7)
  - FacebookCore (0.3.1):
    - Bolts (~> 1.8)
    - FBSDKCoreKit (~> 4.33)
  - FacebookLogin (0.3.1):
    - Bolts (~> 1.8)
    - FacebookCore (~> 0.3.1)
    - FBSDKCoreKit (~> 4.33)
    - FBSDKLoginKit (~> 4.33)
  - FacebookShare (0.3.1):
    - Bolts (~> 1.8)
    - FacebookCore (~> 0.3.1)
    - FBSDKCoreKit (~> 4.33)
    - FBSDKShareKit (~> 4.33)
  - FBSDKCoreKit (4.33.0):
    - Bolts (~> 1.7)
  - FBSDKLoginKit (4.33.0):
    - FBSDKCoreKit
  - FBSDKShareKit (4.33.0):
    - FBSDKCoreKit (~> 4.33.0)
  - KeychainSwift (11.0.0)
  - LatoFont (2.0.1)
  - Mixpanel-swift (2.2.2):
    - Mixpanel-swift/Complete (= 2.2.2)
  - Mixpanel-swift/Complete (2.2.2)
  - Moya/Core (11.0.2):
    - Alamofire (~> 4.1)
    - Result (~> 3.0)
  - Moya/RxSwift (11.0.2):
    - Moya/Core
    - RxSwift (~> 4.0)
  - NextResponderTextField (3.0.0)
  - Realm (3.7.1):
    - Realm/Headers (= 3.7.1)
  - Realm/Headers (3.7.1)
  - RealmSwift (3.7.1):
    - Realm (= 3.7.1)
  - Result (3.2.4)
  - RxBlocking (4.1.2):
    - RxSwift (~> 4.0)
  - RxCocoa (4.1.2):
    - RxSwift (~> 4.0)
  - RxSwift (4.1.2)
  - RxTest (4.1.2):
    - RxSwift (~> 4.0)
  - SipHash (1.2.1)
  - TrezorCrypto (0.0.5)
  - TrustCore (0.0.7):
    - BigInt
    - TrezorCrypto
  - TrustKeystore (0.4.1):
    - BigInt
    - CryptoSwift
    - TrezorCrypto
    - TrustCore
  - TrustWeb3Provider (0.1.7)
  - XLPagerTabStrip (8.0.1)

DEPENDENCIES:
  - BigInt
  - Cache
  - Crashlytics
  - CryptoSwift (~> 0.8.1)
  - Fabric
  - FacebookCore
  - FacebookLogin
  - FacebookShare
  - KeychainSwift (~> 11.0)
  - LatoFont (from `https://github.com/cj-zeiger/LatoFont`, branch `master`)
  - Mixpanel-swift (from `https://github.com/mixpanel/mixpanel-swift.git`, branch `swift4`)
  - Moya/RxSwift (~> 11.0)
  - NextResponderTextField
  - RealmSwift
  - RxBlocking
  - RxCocoa (~> 4.0)
  - RxSwift (~> 4.0)
  - RxTest
  - TrustCore (~> 0.0.7)
  - TrustKeystore (~> 0.4.0)
  - TrustWeb3Provider (from `https://github.com/TrustWallet/trust-web3-provider`, branch `master`)
  - XLPagerTabStrip (~> 8.0)

SPEC REPOS:
  https://github.com/cocoapods/specs.git:
    - Alamofire
    - BigInt
    - Bolts
    - Cache
    - Crashlytics
    - CryptoSwift
    - Fabric
    - FacebookCore
    - FacebookLogin
    - FacebookShare
    - FBSDKCoreKit
    - FBSDKLoginKit
    - FBSDKShareKit
    - KeychainSwift
    - Moya
    - NextResponderTextField
    - Realm
    - RealmSwift
    - Result
    - RxBlocking
    - RxCocoa
    - RxSwift
    - RxTest
    - SipHash
    - TrezorCrypto
    - TrustCore
    - TrustKeystore
    - XLPagerTabStrip

EXTERNAL SOURCES:
  LatoFont:
    :branch: master
    :git: https://github.com/cj-zeiger/LatoFont
  Mixpanel-swift:
    :branch: swift4
    :git: https://github.com/mixpanel/mixpanel-swift.git
  TrustWeb3Provider:
    :branch: master
    :git: https://github.com/TrustWallet/trust-web3-provider

CHECKOUT OPTIONS:
  LatoFont:
    :commit: dcdbab89dcd21416f41292954e4b092372944c8b
    :git: https://github.com/cj-zeiger/LatoFont
  Mixpanel-swift:
    :commit: a057763547eeac578e1effe05a4e26319c8197bd
    :git: https://github.com/mixpanel/mixpanel-swift.git
  TrustWeb3Provider:
    :commit: db33eee2ab92f45f484d77f62cbefc78450348ce
    :git: https://github.com/TrustWallet/trust-web3-provider

SPEC CHECKSUMS:
  Alamofire: e4fa87002c137ba2d8d634d2c51fabcda0d5c223
  BigInt: 8e8a52161c745cd3ab78e3dc346a9fbee51e6cf6
  Bolts: ac6567323eac61e203f6a9763667d0f711be34c8
  Cache: f28f8dd64b632155aabf9b3906b036a659048251
  Crashlytics: 0360624eea1c978a743feddb2fb1ef8b37fb7a0d
  CryptoSwift: 033efc3523865d19cc6ab6612fa17a62613b5dfa
  Fabric: bda89e242bce1b7b8ab264248cf3407774ce0095
  FacebookCore: 33078ef1d7d76b73f7e8c990dca7d3ea6db8d22f
  FacebookLogin: 6f15bf4fefd7a8865abbfa8fcd7f3dfd87aa275f
  FacebookShare: c9ee8e5399d961fda00ded9befccacfe04fccf93
  FBSDKCoreKit: 572b047a7e029bc44542bcf8a59414e7ff2b543e
  FBSDKLoginKit: 88cb456349cfb3b554427ce4f8b43729d85dfb40
  FBSDKShareKit: 1869cb24db2cea90666a50cb9d568deb38e2d16e
  KeychainSwift: bea6bd9f98af7b8d7ca4aa79fe105c00fab532db
  LatoFont: 2bb2a5ab140299a3ccdb8bde61a8720d7bef75c7
  Mixpanel-swift: 2cd7aac92ad4e9ba2957479c6e6db9b9170944bb
  Moya: a725035953bc1c0eb1be505ab903984501d82440
  NextResponderTextField: 07ee7b2737981bfd402f63f390bf3de55e245ccd
  Realm: 906be37d52f17f25484ac01643a7f26a9d3bfbd5
  RealmSwift: 1c2b6bae3dc55bb87e080ffa96537d71442f6dce
  Result: d2d07204ce72856f1fd9130bbe42c35a7b0fea10
  RxBlocking: f6054985901412fc8c02daa84e92d4ba68c61389
  RxCocoa: d88ba0f1f6abf040011a9eb4b539324fc426843a
  RxSwift: e49536837d9901277638493ea537394d4b55f570
  RxTest: e634f15fd2c2cd0e0120132ef7a4f7be69ad0393
  SipHash: b26918dbe6925368d4322374371437c62c9038e2
  TrezorCrypto: ecef681446bf02af6248d3b5e394026d7e766e56
  TrustCore: 688df9a241008cf9cfa3842ec8ef28777a8b7534
  TrustKeystore: fdd5936098af80b9478122bbd3a89477a5389298
  TrustWeb3Provider: 50fa391bdf170feb43dd4419992931510a5751d8
  XLPagerTabStrip: c908b17cbf42fcd2598ee1adfc49bae25444d88a

PODFILE CHECKSUM: 3fc9ba4330d83bde2528017ac0b5098bbae94212

COCOAPODS: 1.5.3
