// !$*UTF8*$!
{
	archiveVersion = 1;
	classes = {
	};
	objectVersion = 48;
	objects = {

/* Begin PBXBuildFile section */
		23026B27208535FC00D959E1 /* WalletCoordinator.swift in Sources */ = {isa = PBXBuildFile; fileRef = 23026B26208535FC00D959E1 /* WalletCoordinator.swift */; };
		230AE44E209405B5001A05DC /* ShareAddressView.swift in Sources */ = {isa = PBXBuildFile; fileRef = 230AE44D209405B5001A05DC /* ShareAddressView.swift */; };
		230AE450209405E3001A05DC /* ShareAddressView.xib in Resources */ = {isa = PBXBuildFile; fileRef = 230AE44F209405E3001A05DC /* ShareAddressView.xib */; };
		230D45552097FDE70004FBC4 /* GasSetting.swift in Sources */ = {isa = PBXBuildFile; fileRef = 230D45542097FDE70004FBC4 /* GasSetting.swift */; };
		231290C22087FA700055FDD2 /* SendTransactionViewController.swift in Sources */ = {isa = PBXBuildFile; fileRef = 231290C12087FA700055FDD2 /* SendTransactionViewController.swift */; };
		232000A12085604C00B702D0 /* WalletViewController.swift in Sources */ = {isa = PBXBuildFile; fileRef = 232000A02085604C00B702D0 /* WalletViewController.swift */; };
		2333D1962093FDDC002F5DD4 /* ShareAddressViewController.swift in Sources */ = {isa = PBXBuildFile; fileRef = 2333D1952093FDDC002F5DD4 /* ShareAddressViewController.swift */; };
		237561E6208A76B500D8018F /* TransactionSummaryController.swift in Sources */ = {isa = PBXBuildFile; fileRef = 237561E5208A76B500D8018F /* TransactionSummaryController.swift */; };
		237561E8208AA0BB00D8018F /* SetWalletViewController.swift in Sources */ = {isa = PBXBuildFile; fileRef = 237561E7208AA0BB00D8018F /* SetWalletViewController.swift */; };
		237561EA208AA4E800D8018F /* ImportWalletViewController.swift in Sources */ = {isa = PBXBuildFile; fileRef = 237561E9208AA4E800D8018F /* ImportWalletViewController.swift */; };
		237561EC208AA50500D8018F /* NewWalletViewController.swift in Sources */ = {isa = PBXBuildFile; fileRef = 237561EB208AA50500D8018F /* NewWalletViewController.swift */; };
		238CF2FF2097CFAA00B80DEB /* ShareAddressPresentationController.swift in Sources */ = {isa = PBXBuildFile; fileRef = 238CF2FE2097CFAA00B80DEB /* ShareAddressPresentationController.swift */; };
		238CF3012097F10E00B80DEB /* GasPriceSelectorViewController.swift in Sources */ = {isa = PBXBuildFile; fileRef = 238CF3002097F10E00B80DEB /* GasPriceSelectorViewController.swift */; };
		2391D2A02098F894001DDC9B /* Keystore.swift in Sources */ = {isa = PBXBuildFile; fileRef = 2391D29F2098F894001DDC9B /* Keystore.swift */; };
		239F4FB52093A94500093B58 /* Coordinator.swift in Sources */ = {isa = PBXBuildFile; fileRef = 239F4FB42093A94500093B58 /* Coordinator.swift */; };
		239F4FB72093A9BF00093B58 /* PinCoordinator.swift in Sources */ = {isa = PBXBuildFile; fileRef = 239F4FB62093A9BF00093B58 /* PinCoordinator.swift */; };
		239F4FB92093EC8900093B58 /* CoinType.swift in Sources */ = {isa = PBXBuildFile; fileRef = 239F4FB82093EC8900093B58 /* CoinType.swift */; };
		239F4FBB2093F37500093B58 /* SendTransactionCoordinator.swift in Sources */ = {isa = PBXBuildFile; fileRef = 239F4FBA2093F37500093B58 /* SendTransactionCoordinator.swift */; };
		23BDF12D20818487005DED76 /* PasswordGen.swift in Sources */ = {isa = PBXBuildFile; fileRef = 23BDF12C20818487005DED76 /* PasswordGen.swift */; };
		23C324C9EE157B06DBFFBBE0 /* Pods_iOSappTests.framework in Frameworks */ = {isa = PBXBuildFile; fileRef = 17FCB9B9C064086142FD118B /* Pods_iOSappTests.framework */; };
		23DCC8DA208E9D31003A2B3C /* PinViewController.swift in Sources */ = {isa = PBXBuildFile; fileRef = 23DCC8D9208E9D31003A2B3C /* PinViewController.swift */; };
		23DCC8E0208EAD5D003A2B3C /* PinPadEntryPoint.swift in Sources */ = {isa = PBXBuildFile; fileRef = 23DCC8DF208EAD5D003A2B3C /* PinPadEntryPoint.swift */; };
		23DCC8E3208EADFE003A2B3C /* SetWalletCoordinator.swift in Sources */ = {isa = PBXBuildFile; fileRef = 23DCC8E2208EADFE003A2B3C /* SetWalletCoordinator.swift */; };
		23DCC8E5208EB38B003A2B3C /* SetWalletType.swift in Sources */ = {isa = PBXBuildFile; fileRef = 23DCC8E4208EB38B003A2B3C /* SetWalletType.swift */; };
		3A8512CC84CD7622905095B1 /* Pods_iOSappUITests.framework in Frameworks */ = {isa = PBXBuildFile; fileRef = 29258515623EE96CE343A996 /* Pods_iOSappUITests.framework */; };
		5C15116368D27EFFD88AD18C /* Pods_iOSapp.framework in Frameworks */ = {isa = PBXBuildFile; fileRef = 56A19260EED11E20A5BE48F1 /* Pods_iOSapp.framework */; };
		7D0047F81F997E3E00B02D1A /* AppDelegate.swift in Sources */ = {isa = PBXBuildFile; fileRef = 7D0047F71F997E3E00B02D1A /* AppDelegate.swift */; };
		7D0047FD1F997E3E00B02D1A /* Main.storyboard in Resources */ = {isa = PBXBuildFile; fileRef = 7D0047FB1F997E3E00B02D1A /* Main.storyboard */; };
		7D00480D1F997E3E00B02D1A /* iOSappTests.swift in Sources */ = {isa = PBXBuildFile; fileRef = 7D00480C1F997E3E00B02D1A /* iOSappTests.swift */; };
		7D0048181F997E3E00B02D1A /* iOSappUITests.swift in Sources */ = {isa = PBXBuildFile; fileRef = 7D0048171F997E3E00B02D1A /* iOSappUITests.swift */; };
		7D160E8320649DB500D41279 /* ProfileView.xib in Resources */ = {isa = PBXBuildFile; fileRef = 7D160E8220649DB500D41279 /* ProfileView.xib */; };
		7D160E872064A14D00D41279 /* ProfileView.swift in Sources */ = {isa = PBXBuildFile; fileRef = 7D160E862064A14D00D41279 /* ProfileView.swift */; };
		7D1EC476203F928D004B7B44 /* UserImage.xib in Resources */ = {isa = PBXBuildFile; fileRef = 7D1EC475203F928D004B7B44 /* UserImage.xib */; };
		7D1EC478203F92A6004B7B44 /* UserImage.swift in Sources */ = {isa = PBXBuildFile; fileRef = 7D1EC477203F92A6004B7B44 /* UserImage.swift */; };
		7D44B56B1FA418B7005482C9 /* ProgramError.swift in Sources */ = {isa = PBXBuildFile; fileRef = 7D44B56A1FA418B7005482C9 /* ProgramError.swift */; };
		7D44B56D1FA47264005482C9 /* NoError.swift in Sources */ = {isa = PBXBuildFile; fileRef = 7D44B56C1FA47264005482C9 /* NoError.swift */; };
		7D44B5711FA6ECCA005482C9 /* PostData.swift in Sources */ = {isa = PBXBuildFile; fileRef = 7D44B5701FA6ECCA005482C9 /* PostData.swift */; };
		7D4641931FBBC4C300E29578 /* OpeningSplashScreenViewController.swift in Sources */ = {isa = PBXBuildFile; fileRef = 7D4641921FBBC4C300E29578 /* OpeningSplashScreenViewController.swift */; };
		7D4641951FBBD3ED00E29578 /* SnipRetrieverFromWeb.swift in Sources */ = {isa = PBXBuildFile; fileRef = 7D4641941FBBD3ED00E29578 /* SnipRetrieverFromWeb.swift */; };
		7D5C43471FBA6FF900551E49 /* Utils.swift in Sources */ = {isa = PBXBuildFile; fileRef = 7D5C43461FBA6FF900551E49 /* Utils.swift */; };
		7D5C43491FBA778A00551E49 /* UIImageViewWithMetadata.swift in Sources */ = {isa = PBXBuildFile; fileRef = 7D5C43481FBA778A00551E49 /* UIImageViewWithMetadata.swift */; };
		7D5C434F1FBBB42F00551E49 /* TableCellDataUtils.swift in Sources */ = {isa = PBXBuildFile; fileRef = 7D5C434E1FBBB42F00551E49 /* TableCellDataUtils.swift */; };
		7D6E27851FD0D12400E7C2FF /* LogInfo.swift in Sources */ = {isa = PBXBuildFile; fileRef = 7D6E27841FD0D12400E7C2FF /* LogInfo.swift */; };
		7D6E9EA31FD495B00068D614 /* UserInformation.swift in Sources */ = {isa = PBXBuildFile; fileRef = 7D6E9EA21FD495B00068D614 /* UserInformation.swift */; };
		7D7F25C51FD0D6EA000D9860 /* CommentActionData.swift in Sources */ = {isa = PBXBuildFile; fileRef = 7D7F25C41FD0D6EA000D9860 /* CommentActionData.swift */; };
		7D7F25CD1FD0EE19000D9860 /* ProfileViewController.swift in Sources */ = {isa = PBXBuildFile; fileRef = 7D7F25CC1FD0EE19000D9860 /* ProfileViewController.swift */; };
		7D812FC6202423F700968B9E /* CellTextUtils.swift in Sources */ = {isa = PBXBuildFile; fileRef = 7D812FC5202423F700968B9E /* CellTextUtils.swift */; };
		7D820EAF1FCD19DB00404FA2 /* UITextView+Placeholder.swift in Sources */ = {isa = PBXBuildFile; fileRef = 7D820EAE1FCD19DB00404FA2 /* UITextView+Placeholder.swift */; };
		7D820EB11FCE22F800404FA2 /* CommentsTableViewController.swift in Sources */ = {isa = PBXBuildFile; fileRef = 7D820EB01FCE22F800404FA2 /* CommentsTableViewController.swift */; };
		7D839E2F1FC6843E007501F2 /* CommentTableViewCell.swift in Sources */ = {isa = PBXBuildFile; fileRef = 7D839E2E1FC6843E007501F2 /* CommentTableViewCell.swift */; };
		7D85D30D202BEC7500867F8B /* SnippetView.swift in Sources */ = {isa = PBXBuildFile; fileRef = 7D85D30C202BEC7500867F8B /* SnippetView.swift */; };
		7D85D30F202BEC9600867F8B /* SnippetView.xib in Resources */ = {isa = PBXBuildFile; fileRef = 7D85D30E202BEC9600867F8B /* SnippetView.xib */; };
		7D8939B01F9FEE6F00CFFFDA /* SnippetTableViewCell.swift in Sources */ = {isa = PBXBuildFile; fileRef = 7D8939AF1F9FEE6F00CFFFDA /* SnippetTableViewCell.swift */; };
		7D8C5C722045F8B400E53DE0 /* ReportInfo.swift in Sources */ = {isa = PBXBuildFile; fileRef = 7D8C5C712045F8B400E53DE0 /* ReportInfo.swift */; };
		7D91DC5A1FBF79E400771820 /* Logger.swift in Sources */ = {isa = PBXBuildFile; fileRef = 7D91DC591FBF79E400771820 /* Logger.swift */; };
		7D91DC5C1FC35D4700771820 /* MixpanelType+ToString.swift in Sources */ = {isa = PBXBuildFile; fileRef = 7D91DC5B1FC35D4700771820 /* MixpanelType+ToString.swift */; };
		7D92A1AC1FA033380014D31D /* Images.xcassets in Resources */ = {isa = PBXBuildFile; fileRef = 7D92A1AB1FA033380014D31D /* Images.xcassets */; };
		7D93CAE31FD73E650044C246 /* ForgotPasswordController.swift in Sources */ = {isa = PBXBuildFile; fileRef = 7D93CAE21FD73E650044C246 /* ForgotPasswordController.swift */; };
		7D93CAE51FD747710044C246 /* WebUtils.swift in Sources */ = {isa = PBXBuildFile; fileRef = 7D93CAE41FD747710044C246 /* WebUtils.swift */; };
		7D93CAE71FD8F6B60044C246 /* CachedData.swift in Sources */ = {isa = PBXBuildFile; fileRef = 7D93CAE61FD8F6B60044C246 /* CachedData.swift */; };
		7DA1A94D1FCB7CC200ABB0C4 /* Comment.swift in Sources */ = {isa = PBXBuildFile; fileRef = 7DA1A94C1FCB7CC200ABB0C4 /* Comment.swift */; };
		7DA1A94F1FCB7CF600ABB0C4 /* SnipUser.swift in Sources */ = {isa = PBXBuildFile; fileRef = 7DA1A94E1FCB7CF600ABB0C4 /* SnipUser.swift */; };
		7DA1A9511FCB7CFF00ABB0C4 /* SnipImage.swift in Sources */ = {isa = PBXBuildFile; fileRef = 7DA1A9501FCB7CFF00ABB0C4 /* SnipImage.swift */; };
		7DA35D0B1FA70B7A006306FD /* AppCache.swift in Sources */ = {isa = PBXBuildFile; fileRef = 7DA35D0A1FA70B7A006306FD /* AppCache.swift */; };
		7DA998021FE4EC7A0091749F /* LoginOrSignupData.swift in Sources */ = {isa = PBXBuildFile; fileRef = 7DA998011FE4EC7A0091749F /* LoginOrSignupData.swift */; };
		7DAD9293203E303600337922 /* CommentView.xib in Resources */ = {isa = PBXBuildFile; fileRef = 7DAD9292203E303600337922 /* CommentView.xib */; };
		7DAD9295203E304500337922 /* CommentView.swift in Sources */ = {isa = PBXBuildFile; fileRef = 7DAD9294203E304500337922 /* CommentView.swift */; };
		7DB1BD621F9EB9E00033F67A /* SnippetsTableViewController.swift in Sources */ = {isa = PBXBuildFile; fileRef = 7D5DAA301F9EB549000FFC15 /* SnippetsTableViewController.swift */; };
		7DBD047D1FB8043B009CF09B /* Date+TimeDifferences.swift in Sources */ = {isa = PBXBuildFile; fileRef = 7DBD047C1FB8043B009CF09B /* Date+TimeDifferences.swift */; };
		7DC588722069C51600BFA5AD /* SignupWelcomeViewController.swift in Sources */ = {isa = PBXBuildFile; fileRef = 7DC588712069C51600BFA5AD /* SignupWelcomeViewController.swift */; };
		7DC58874206B021300BFA5AD /* LoginViewController.swift in Sources */ = {isa = PBXBuildFile; fileRef = 7DC58873206B021300BFA5AD /* LoginViewController.swift */; };
		7DCB69DC20699E57005BAD86 /* SnippetsTableViewUIUtils.swift in Sources */ = {isa = PBXBuildFile; fileRef = 7DCB69DB20699E57005BAD86 /* SnippetsTableViewUIUtils.swift */; };
		7DCB69DE20699EE7005BAD86 /* SnippetsTableViewDataUtils.swift in Sources */ = {isa = PBXBuildFile; fileRef = 7DCB69DD20699EE7005BAD86 /* SnippetsTableViewDataUtils.swift */; };
		7DD073B620757C24001D24BD /* MainTabBarViewController.swift in Sources */ = {isa = PBXBuildFile; fileRef = 7DD073B520757C24001D24BD /* MainTabBarViewController.swift */; };
		7DD073B82076DA30001D24BD /* SettingsViewController.swift in Sources */ = {isa = PBXBuildFile; fileRef = 7DD073B72076DA30001D24BD /* SettingsViewController.swift */; };
		7DD073BA20771B9D001D24BD /* BackHeaderView.xib in Resources */ = {isa = PBXBuildFile; fileRef = 7DD073B920771B9D001D24BD /* BackHeaderView.xib */; };
		7DD073BC20771BB7001D24BD /* BackHeaderView.swift in Sources */ = {isa = PBXBuildFile; fileRef = 7DD073BB20771BB7001D24BD /* BackHeaderView.swift */; };
		7DD073BE20784D7D001D24BD /* SettingsMember.xib in Resources */ = {isa = PBXBuildFile; fileRef = 7DD073BD20784D7D001D24BD /* SettingsMember.xib */; };
		7DD073C020784D8D001D24BD /* SettingsMember.swift in Sources */ = {isa = PBXBuildFile; fileRef = 7DD073BF20784D8D001D24BD /* SettingsMember.swift */; };
		7DD073C220785AB0001D24BD /* SnipWalletController.swift in Sources */ = {isa = PBXBuildFile; fileRef = 7DD073C120785AB0001D24BD /* SnipWalletController.swift */; };
		7DD29BBB1FD5F31C0048FC15 /* GenericProgramViewController.swift in Sources */ = {isa = PBXBuildFile; fileRef = 7DD29BBA1FD5F31C0048FC15 /* GenericProgramViewController.swift */; };
		7DD405E520449A0F00FF3ACB /* SnippetMenu.swift in Sources */ = {isa = PBXBuildFile; fileRef = 7DD405E420449A0F00FF3ACB /* SnippetMenu.swift */; };
		7DDA3D9D206C5DAE00960252 /* SignupViewController.swift in Sources */ = {isa = PBXBuildFile; fileRef = 7DDA3D9C206C5DAE00960252 /* SignupViewController.swift */; };
		7DE89D8F1FD60D9E004AD45E /* CommentUtils.swift in Sources */ = {isa = PBXBuildFile; fileRef = 7DE89D8E1FD60D9E004AD45E /* CommentUtils.swift */; };
		7DED9F92206C82EF00218C4C /* LoginDesignUtils.swift in Sources */ = {isa = PBXBuildFile; fileRef = 7DED9F91206C82EF00218C4C /* LoginDesignUtils.swift */; };
		7DF3927F1FB39F2600CECC45 /* NSMutableAttributedString+Extensions.swift in Sources */ = {isa = PBXBuildFile; fileRef = 7DF3927E1FB39F2600CECC45 /* NSMutableAttributedString+Extensions.swift */; };
		7DF3F93F1FB63B7100B0E8A3 /* SystemVariables.swift in Sources */ = {isa = PBXBuildFile; fileRef = 7DF3F93E1FB63B7100B0E8A3 /* SystemVariables.swift */; };
/* End PBXBuildFile section */

/* Begin PBXContainerItemProxy section */
		7D0048091F997E3E00B02D1A /* PBXContainerItemProxy */ = {
			isa = PBXContainerItemProxy;
			containerPortal = 7D0047EC1F997E3E00B02D1A /* Project object */;
			proxyType = 1;
			remoteGlobalIDString = 7D0047F31F997E3E00B02D1A;
			remoteInfo = iOSapp;
		};
		7D0048141F997E3E00B02D1A /* PBXContainerItemProxy */ = {
			isa = PBXContainerItemProxy;
			containerPortal = 7D0047EC1F997E3E00B02D1A /* Project object */;
			proxyType = 1;
			remoteGlobalIDString = 7D0047F31F997E3E00B02D1A;
			remoteInfo = iOSapp;
		};
/* End PBXContainerItemProxy section */

/* Begin PBXFileReference section */
		17FCB9B9C064086142FD118B /* Pods_iOSappTests.framework */ = {isa = PBXFileReference; explicitFileType = wrapper.framework; includeInIndex = 0; path = Pods_iOSappTests.framework; sourceTree = BUILT_PRODUCTS_DIR; };
		23026B26208535FC00D959E1 /* WalletCoordinator.swift */ = {isa = PBXFileReference; lastKnownFileType = sourcecode.swift; path = WalletCoordinator.swift; sourceTree = "<group>"; };
		230AE44D209405B5001A05DC /* ShareAddressView.swift */ = {isa = PBXFileReference; lastKnownFileType = sourcecode.swift; path = ShareAddressView.swift; sourceTree = "<group>"; };
		230AE44F209405E3001A05DC /* ShareAddressView.xib */ = {isa = PBXFileReference; lastKnownFileType = file.xib; path = ShareAddressView.xib; sourceTree = "<group>"; };
		230D45542097FDE70004FBC4 /* GasSetting.swift */ = {isa = PBXFileReference; lastKnownFileType = sourcecode.swift; path = GasSetting.swift; sourceTree = "<group>"; };
		231290C12087FA700055FDD2 /* SendTransactionViewController.swift */ = {isa = PBXFileReference; lastKnownFileType = sourcecode.swift; path = SendTransactionViewController.swift; sourceTree = "<group>"; };
		232000A02085604C00B702D0 /* WalletViewController.swift */ = {isa = PBXFileReference; lastKnownFileType = sourcecode.swift; path = WalletViewController.swift; sourceTree = "<group>"; };
		2333D1952093FDDC002F5DD4 /* ShareAddressViewController.swift */ = {isa = PBXFileReference; lastKnownFileType = sourcecode.swift; path = ShareAddressViewController.swift; sourceTree = "<group>"; };
		237561E5208A76B500D8018F /* TransactionSummaryController.swift */ = {isa = PBXFileReference; lastKnownFileType = sourcecode.swift; path = TransactionSummaryController.swift; sourceTree = "<group>"; };
		237561E7208AA0BB00D8018F /* SetWalletViewController.swift */ = {isa = PBXFileReference; lastKnownFileType = sourcecode.swift; path = SetWalletViewController.swift; sourceTree = "<group>"; };
		237561E9208AA4E800D8018F /* ImportWalletViewController.swift */ = {isa = PBXFileReference; lastKnownFileType = sourcecode.swift; path = ImportWalletViewController.swift; sourceTree = "<group>"; };
		237561EB208AA50500D8018F /* NewWalletViewController.swift */ = {isa = PBXFileReference; lastKnownFileType = sourcecode.swift; path = NewWalletViewController.swift; sourceTree = "<group>"; };
		238CF2FE2097CFAA00B80DEB /* ShareAddressPresentationController.swift */ = {isa = PBXFileReference; lastKnownFileType = sourcecode.swift; path = ShareAddressPresentationController.swift; sourceTree = "<group>"; };
		238CF3002097F10E00B80DEB /* GasPriceSelectorViewController.swift */ = {isa = PBXFileReference; lastKnownFileType = sourcecode.swift; path = GasPriceSelectorViewController.swift; sourceTree = "<group>"; };
		2391D29F2098F894001DDC9B /* Keystore.swift */ = {isa = PBXFileReference; lastKnownFileType = sourcecode.swift; path = Keystore.swift; sourceTree = "<group>"; };
		239F4FB42093A94500093B58 /* Coordinator.swift */ = {isa = PBXFileReference; lastKnownFileType = sourcecode.swift; path = Coordinator.swift; sourceTree = "<group>"; };
		239F4FB62093A9BF00093B58 /* PinCoordinator.swift */ = {isa = PBXFileReference; lastKnownFileType = sourcecode.swift; path = PinCoordinator.swift; sourceTree = "<group>"; };
		239F4FB82093EC8900093B58 /* CoinType.swift */ = {isa = PBXFileReference; lastKnownFileType = sourcecode.swift; path = CoinType.swift; sourceTree = "<group>"; };
		239F4FBA2093F37500093B58 /* SendTransactionCoordinator.swift */ = {isa = PBXFileReference; lastKnownFileType = sourcecode.swift; path = SendTransactionCoordinator.swift; sourceTree = "<group>"; };
		23BDF12C20818487005DED76 /* PasswordGen.swift */ = {isa = PBXFileReference; lastKnownFileType = sourcecode.swift; path = PasswordGen.swift; sourceTree = "<group>"; };
		23DCC8D9208E9D31003A2B3C /* PinViewController.swift */ = {isa = PBXFileReference; lastKnownFileType = sourcecode.swift; path = PinViewController.swift; sourceTree = "<group>"; };
		23DCC8DF208EAD5D003A2B3C /* PinPadEntryPoint.swift */ = {isa = PBXFileReference; lastKnownFileType = sourcecode.swift; path = PinPadEntryPoint.swift; sourceTree = "<group>"; };
		23DCC8E2208EADFE003A2B3C /* SetWalletCoordinator.swift */ = {isa = PBXFileReference; lastKnownFileType = sourcecode.swift; path = SetWalletCoordinator.swift; sourceTree = "<group>"; };
		23DCC8E4208EB38B003A2B3C /* SetWalletType.swift */ = {isa = PBXFileReference; lastKnownFileType = sourcecode.swift; path = SetWalletType.swift; sourceTree = "<group>"; };
		29258515623EE96CE343A996 /* Pods_iOSappUITests.framework */ = {isa = PBXFileReference; explicitFileType = wrapper.framework; includeInIndex = 0; path = Pods_iOSappUITests.framework; sourceTree = BUILT_PRODUCTS_DIR; };
		3E2C46BA9B87356844EA8BDA /* Pods-iOSappUITests.debug.xcconfig */ = {isa = PBXFileReference; includeInIndex = 1; lastKnownFileType = text.xcconfig; name = "Pods-iOSappUITests.debug.xcconfig"; path = "Pods/Target Support Files/Pods-iOSappUITests/Pods-iOSappUITests.debug.xcconfig"; sourceTree = "<group>"; };
		56A19260EED11E20A5BE48F1 /* Pods_iOSapp.framework */ = {isa = PBXFileReference; explicitFileType = wrapper.framework; includeInIndex = 0; path = Pods_iOSapp.framework; sourceTree = BUILT_PRODUCTS_DIR; };
		745EB04FB0F6A5662BCED726 /* Pods-iOSapp.release.xcconfig */ = {isa = PBXFileReference; includeInIndex = 1; lastKnownFileType = text.xcconfig; name = "Pods-iOSapp.release.xcconfig"; path = "Pods/Target Support Files/Pods-iOSapp/Pods-iOSapp.release.xcconfig"; sourceTree = "<group>"; };
		7D0047F41F997E3E00B02D1A /* iOSapp.app */ = {isa = PBXFileReference; explicitFileType = wrapper.application; includeInIndex = 0; path = iOSapp.app; sourceTree = BUILT_PRODUCTS_DIR; };
		7D0047F71F997E3E00B02D1A /* AppDelegate.swift */ = {isa = PBXFileReference; lastKnownFileType = sourcecode.swift; path = AppDelegate.swift; sourceTree = "<group>"; };
		7D0047FC1F997E3E00B02D1A /* Base */ = {isa = PBXFileReference; lastKnownFileType = file.storyboard; name = Base; path = Base.lproj/Main.storyboard; sourceTree = "<group>"; };
		7D0048031F997E3E00B02D1A /* Info.plist */ = {isa = PBXFileReference; lastKnownFileType = text.plist.xml; path = Info.plist; sourceTree = "<group>"; };
		7D0048081F997E3E00B02D1A /* iOSappTests.xctest */ = {isa = PBXFileReference; explicitFileType = wrapper.cfbundle; includeInIndex = 0; path = iOSappTests.xctest; sourceTree = BUILT_PRODUCTS_DIR; };
		7D00480C1F997E3E00B02D1A /* iOSappTests.swift */ = {isa = PBXFileReference; lastKnownFileType = sourcecode.swift; path = iOSappTests.swift; sourceTree = "<group>"; };
		7D00480E1F997E3E00B02D1A /* Info.plist */ = {isa = PBXFileReference; lastKnownFileType = text.plist.xml; path = Info.plist; sourceTree = "<group>"; };
		7D0048131F997E3E00B02D1A /* iOSappUITests.xctest */ = {isa = PBXFileReference; explicitFileType = wrapper.cfbundle; includeInIndex = 0; path = iOSappUITests.xctest; sourceTree = BUILT_PRODUCTS_DIR; };
		7D0048171F997E3E00B02D1A /* iOSappUITests.swift */ = {isa = PBXFileReference; lastKnownFileType = sourcecode.swift; path = iOSappUITests.swift; sourceTree = "<group>"; };
		7D0048191F997E3E00B02D1A /* Info.plist */ = {isa = PBXFileReference; lastKnownFileType = text.plist.xml; path = Info.plist; sourceTree = "<group>"; };
		7D160E8220649DB500D41279 /* ProfileView.xib */ = {isa = PBXFileReference; lastKnownFileType = file.xib; path = ProfileView.xib; sourceTree = "<group>"; };
		7D160E862064A14D00D41279 /* ProfileView.swift */ = {isa = PBXFileReference; lastKnownFileType = sourcecode.swift; path = ProfileView.swift; sourceTree = "<group>"; };
		7D1EC475203F928D004B7B44 /* UserImage.xib */ = {isa = PBXFileReference; lastKnownFileType = file.xib; path = UserImage.xib; sourceTree = "<group>"; };
		7D1EC477203F92A6004B7B44 /* UserImage.swift */ = {isa = PBXFileReference; lastKnownFileType = sourcecode.swift; path = UserImage.swift; sourceTree = "<group>"; };
		7D44B56A1FA418B7005482C9 /* ProgramError.swift */ = {isa = PBXFileReference; lastKnownFileType = sourcecode.swift; path = ProgramError.swift; sourceTree = "<group>"; };
		7D44B56C1FA47264005482C9 /* NoError.swift */ = {isa = PBXFileReference; lastKnownFileType = sourcecode.swift; path = NoError.swift; sourceTree = "<group>"; };
		7D44B5701FA6ECCA005482C9 /* PostData.swift */ = {isa = PBXFileReference; lastKnownFileType = sourcecode.swift; path = PostData.swift; sourceTree = "<group>"; };
		7D4641921FBBC4C300E29578 /* OpeningSplashScreenViewController.swift */ = {isa = PBXFileReference; lastKnownFileType = sourcecode.swift; path = OpeningSplashScreenViewController.swift; sourceTree = "<group>"; };
		7D4641941FBBD3ED00E29578 /* SnipRetrieverFromWeb.swift */ = {isa = PBXFileReference; lastKnownFileType = sourcecode.swift; path = SnipRetrieverFromWeb.swift; sourceTree = "<group>"; };
		7D5C43461FBA6FF900551E49 /* Utils.swift */ = {isa = PBXFileReference; lastKnownFileType = sourcecode.swift; path = Utils.swift; sourceTree = "<group>"; };
		7D5C43481FBA778A00551E49 /* UIImageViewWithMetadata.swift */ = {isa = PBXFileReference; lastKnownFileType = sourcecode.swift; path = UIImageViewWithMetadata.swift; sourceTree = "<group>"; };
		7D5C434E1FBBB42F00551E49 /* TableCellDataUtils.swift */ = {isa = PBXFileReference; lastKnownFileType = sourcecode.swift; path = TableCellDataUtils.swift; sourceTree = "<group>"; };
		7D5DAA301F9EB549000FFC15 /* SnippetsTableViewController.swift */ = {isa = PBXFileReference; lastKnownFileType = sourcecode.swift; path = SnippetsTableViewController.swift; sourceTree = "<group>"; };
		7D6E27841FD0D12400E7C2FF /* LogInfo.swift */ = {isa = PBXFileReference; lastKnownFileType = sourcecode.swift; path = LogInfo.swift; sourceTree = "<group>"; };
		7D6E9EA21FD495B00068D614 /* UserInformation.swift */ = {isa = PBXFileReference; lastKnownFileType = sourcecode.swift; path = UserInformation.swift; sourceTree = "<group>"; };
		7D7F25C41FD0D6EA000D9860 /* CommentActionData.swift */ = {isa = PBXFileReference; lastKnownFileType = sourcecode.swift; path = CommentActionData.swift; sourceTree = "<group>"; };
		7D7F25CC1FD0EE19000D9860 /* ProfileViewController.swift */ = {isa = PBXFileReference; lastKnownFileType = sourcecode.swift; path = ProfileViewController.swift; sourceTree = "<group>"; };
		7D812FC5202423F700968B9E /* CellTextUtils.swift */ = {isa = PBXFileReference; lastKnownFileType = sourcecode.swift; path = CellTextUtils.swift; sourceTree = "<group>"; };
		7D820EAE1FCD19DB00404FA2 /* UITextView+Placeholder.swift */ = {isa = PBXFileReference; lastKnownFileType = sourcecode.swift; path = "UITextView+Placeholder.swift"; sourceTree = "<group>"; };
		7D820EB01FCE22F800404FA2 /* CommentsTableViewController.swift */ = {isa = PBXFileReference; lastKnownFileType = sourcecode.swift; path = CommentsTableViewController.swift; sourceTree = "<group>"; };
		7D839E2E1FC6843E007501F2 /* CommentTableViewCell.swift */ = {isa = PBXFileReference; lastKnownFileType = sourcecode.swift; path = CommentTableViewCell.swift; sourceTree = "<group>"; };
		7D85D30C202BEC7500867F8B /* SnippetView.swift */ = {isa = PBXFileReference; lastKnownFileType = sourcecode.swift; path = SnippetView.swift; sourceTree = "<group>"; };
		7D85D30E202BEC9600867F8B /* SnippetView.xib */ = {isa = PBXFileReference; lastKnownFileType = file.xib; path = SnippetView.xib; sourceTree = "<group>"; };
		7D8939AF1F9FEE6F00CFFFDA /* SnippetTableViewCell.swift */ = {isa = PBXFileReference; lastKnownFileType = sourcecode.swift; path = SnippetTableViewCell.swift; sourceTree = "<group>"; };
		7D8C5C712045F8B400E53DE0 /* ReportInfo.swift */ = {isa = PBXFileReference; lastKnownFileType = sourcecode.swift; path = ReportInfo.swift; sourceTree = "<group>"; };
		7D91DC591FBF79E400771820 /* Logger.swift */ = {isa = PBXFileReference; lastKnownFileType = sourcecode.swift; path = Logger.swift; sourceTree = "<group>"; };
		7D91DC5B1FC35D4700771820 /* MixpanelType+ToString.swift */ = {isa = PBXFileReference; lastKnownFileType = sourcecode.swift; path = "MixpanelType+ToString.swift"; sourceTree = "<group>"; };
		7D92A1AB1FA033380014D31D /* Images.xcassets */ = {isa = PBXFileReference; lastKnownFileType = folder.assetcatalog; path = Images.xcassets; sourceTree = "<group>"; };
		7D93CAE21FD73E650044C246 /* ForgotPasswordController.swift */ = {isa = PBXFileReference; lastKnownFileType = sourcecode.swift; path = ForgotPasswordController.swift; sourceTree = "<group>"; };
		7D93CAE41FD747710044C246 /* WebUtils.swift */ = {isa = PBXFileReference; lastKnownFileType = sourcecode.swift; path = WebUtils.swift; sourceTree = "<group>"; };
		7D93CAE61FD8F6B60044C246 /* CachedData.swift */ = {isa = PBXFileReference; lastKnownFileType = sourcecode.swift; path = CachedData.swift; sourceTree = "<group>"; };
		7DA1A94C1FCB7CC200ABB0C4 /* Comment.swift */ = {isa = PBXFileReference; lastKnownFileType = sourcecode.swift; path = Comment.swift; sourceTree = "<group>"; };
		7DA1A94E1FCB7CF600ABB0C4 /* SnipUser.swift */ = {isa = PBXFileReference; lastKnownFileType = sourcecode.swift; path = SnipUser.swift; sourceTree = "<group>"; };
		7DA1A9501FCB7CFF00ABB0C4 /* SnipImage.swift */ = {isa = PBXFileReference; lastKnownFileType = sourcecode.swift; path = SnipImage.swift; sourceTree = "<group>"; };
		7DA35D0A1FA70B7A006306FD /* AppCache.swift */ = {isa = PBXFileReference; lastKnownFileType = sourcecode.swift; path = AppCache.swift; sourceTree = "<group>"; };
		7DA998011FE4EC7A0091749F /* LoginOrSignupData.swift */ = {isa = PBXFileReference; lastKnownFileType = sourcecode.swift; path = LoginOrSignupData.swift; sourceTree = "<group>"; };
		7DAD9292203E303600337922 /* CommentView.xib */ = {isa = PBXFileReference; lastKnownFileType = file.xib; path = CommentView.xib; sourceTree = "<group>"; };
		7DAD9294203E304500337922 /* CommentView.swift */ = {isa = PBXFileReference; lastKnownFileType = sourcecode.swift; path = CommentView.swift; sourceTree = "<group>"; };
		7DBD047C1FB8043B009CF09B /* Date+TimeDifferences.swift */ = {isa = PBXFileReference; lastKnownFileType = sourcecode.swift; path = "Date+TimeDifferences.swift"; sourceTree = "<group>"; };
		7DC588712069C51600BFA5AD /* SignupWelcomeViewController.swift */ = {isa = PBXFileReference; lastKnownFileType = sourcecode.swift; path = SignupWelcomeViewController.swift; sourceTree = "<group>"; };
		7DC58873206B021300BFA5AD /* LoginViewController.swift */ = {isa = PBXFileReference; lastKnownFileType = sourcecode.swift; path = LoginViewController.swift; sourceTree = "<group>"; };
		7DCB69DB20699E57005BAD86 /* SnippetsTableViewUIUtils.swift */ = {isa = PBXFileReference; lastKnownFileType = sourcecode.swift; path = SnippetsTableViewUIUtils.swift; sourceTree = "<group>"; };
		7DCB69DD20699EE7005BAD86 /* SnippetsTableViewDataUtils.swift */ = {isa = PBXFileReference; lastKnownFileType = sourcecode.swift; path = SnippetsTableViewDataUtils.swift; sourceTree = "<group>"; };
		7DD073B520757C24001D24BD /* MainTabBarViewController.swift */ = {isa = PBXFileReference; lastKnownFileType = sourcecode.swift; path = MainTabBarViewController.swift; sourceTree = "<group>"; };
		7DD073B72076DA30001D24BD /* SettingsViewController.swift */ = {isa = PBXFileReference; lastKnownFileType = sourcecode.swift; path = SettingsViewController.swift; sourceTree = "<group>"; };
		7DD073B920771B9D001D24BD /* BackHeaderView.xib */ = {isa = PBXFileReference; lastKnownFileType = file.xib; path = BackHeaderView.xib; sourceTree = "<group>"; };
		7DD073BB20771BB7001D24BD /* BackHeaderView.swift */ = {isa = PBXFileReference; lastKnownFileType = sourcecode.swift; path = BackHeaderView.swift; sourceTree = "<group>"; };
		7DD073BD20784D7D001D24BD /* SettingsMember.xib */ = {isa = PBXFileReference; lastKnownFileType = file.xib; path = SettingsMember.xib; sourceTree = "<group>"; };
		7DD073BF20784D8D001D24BD /* SettingsMember.swift */ = {isa = PBXFileReference; lastKnownFileType = sourcecode.swift; path = SettingsMember.swift; sourceTree = "<group>"; };
		7DD073C120785AB0001D24BD /* SnipWalletController.swift */ = {isa = PBXFileReference; lastKnownFileType = sourcecode.swift; path = SnipWalletController.swift; sourceTree = "<group>"; };
		7DD29BBA1FD5F31C0048FC15 /* GenericProgramViewController.swift */ = {isa = PBXFileReference; lastKnownFileType = sourcecode.swift; path = GenericProgramViewController.swift; sourceTree = "<group>"; };
		7DD405E320423F8300FF3ACB /* iOSapp.entitlements */ = {isa = PBXFileReference; lastKnownFileType = text.plist.entitlements; path = iOSapp.entitlements; sourceTree = "<group>"; };
		7DD405E420449A0F00FF3ACB /* SnippetMenu.swift */ = {isa = PBXFileReference; lastKnownFileType = sourcecode.swift; path = SnippetMenu.swift; sourceTree = "<group>"; };
		7DDA3D9C206C5DAE00960252 /* SignupViewController.swift */ = {isa = PBXFileReference; lastKnownFileType = sourcecode.swift; path = SignupViewController.swift; sourceTree = "<group>"; };
		7DE89D8E1FD60D9E004AD45E /* CommentUtils.swift */ = {isa = PBXFileReference; lastKnownFileType = sourcecode.swift; path = CommentUtils.swift; sourceTree = "<group>"; };
		7DED9F91206C82EF00218C4C /* LoginDesignUtils.swift */ = {isa = PBXFileReference; lastKnownFileType = sourcecode.swift; path = LoginDesignUtils.swift; sourceTree = "<group>"; };
		7DF3927E1FB39F2600CECC45 /* NSMutableAttributedString+Extensions.swift */ = {isa = PBXFileReference; lastKnownFileType = sourcecode.swift; path = "NSMutableAttributedString+Extensions.swift"; sourceTree = "<group>"; };
		7DF3F93E1FB63B7100B0E8A3 /* SystemVariables.swift */ = {isa = PBXFileReference; lastKnownFileType = sourcecode.swift; path = SystemVariables.swift; sourceTree = "<group>"; };
		91348999CB5C8264EC947068 /* Pods-iOSapp.debug.xcconfig */ = {isa = PBXFileReference; includeInIndex = 1; lastKnownFileType = text.xcconfig; name = "Pods-iOSapp.debug.xcconfig"; path = "Pods/Target Support Files/Pods-iOSapp/Pods-iOSapp.debug.xcconfig"; sourceTree = "<group>"; };
		9AE570903396E22B76BAE2B1 /* Pods-iOSappUITests.release.xcconfig */ = {isa = PBXFileReference; includeInIndex = 1; lastKnownFileType = text.xcconfig; name = "Pods-iOSappUITests.release.xcconfig"; path = "Pods/Target Support Files/Pods-iOSappUITests/Pods-iOSappUITests.release.xcconfig"; sourceTree = "<group>"; };
		9C3BA537D8BE27682F6F903E /* Pods-iOSappTests.release.xcconfig */ = {isa = PBXFileReference; includeInIndex = 1; lastKnownFileType = text.xcconfig; name = "Pods-iOSappTests.release.xcconfig"; path = "Pods/Target Support Files/Pods-iOSappTests/Pods-iOSappTests.release.xcconfig"; sourceTree = "<group>"; };
		E1D5804EA5353EA5B07003B4 /* Pods-iOSappTests.debug.xcconfig */ = {isa = PBXFileReference; includeInIndex = 1; lastKnownFileType = text.xcconfig; name = "Pods-iOSappTests.debug.xcconfig"; path = "Pods/Target Support Files/Pods-iOSappTests/Pods-iOSappTests.debug.xcconfig"; sourceTree = "<group>"; };
/* End PBXFileReference section */

/* Begin PBXFrameworksBuildPhase section */
		7D0047F11F997E3E00B02D1A /* Frameworks */ = {
			isa = PBXFrameworksBuildPhase;
			buildActionMask = 2147483647;
			files = (
				5C15116368D27EFFD88AD18C /* Pods_iOSapp.framework in Frameworks */,
			);
			runOnlyForDeploymentPostprocessing = 0;
		};
		7D0048051F997E3E00B02D1A /* Frameworks */ = {
			isa = PBXFrameworksBuildPhase;
			buildActionMask = 2147483647;
			files = (
				23C324C9EE157B06DBFFBBE0 /* Pods_iOSappTests.framework in Frameworks */,
			);
			runOnlyForDeploymentPostprocessing = 0;
		};
		7D0048101F997E3E00B02D1A /* Frameworks */ = {
			isa = PBXFrameworksBuildPhase;
			buildActionMask = 2147483647;
			files = (
				3A8512CC84CD7622905095B1 /* Pods_iOSappUITests.framework in Frameworks */,
			);
			runOnlyForDeploymentPostprocessing = 0;
		};
/* End PBXFrameworksBuildPhase section */

/* Begin PBXGroup section */
		23026B232085308C00D959E1 /* Views */ = {
			isa = PBXGroup;
			children = (
				230AE44D209405B5001A05DC /* ShareAddressView.swift */,
				230AE44F209405E3001A05DC /* ShareAddressView.xib */,
				238CF2FE2097CFAA00B80DEB /* ShareAddressPresentationController.swift */,
			);
			path = Views;
			sourceTree = "<group>";
		};
		23026B242085309800D959E1 /* ViewModels */ = {
			isa = PBXGroup;
			children = (
			);
			path = ViewModels;
			sourceTree = "<group>";
		};
		23026B252085310700D959E1 /* Coordinators */ = {
			isa = PBXGroup;
			children = (
				23026B26208535FC00D959E1 /* WalletCoordinator.swift */,
				23DCC8E2208EADFE003A2B3C /* SetWalletCoordinator.swift */,
				239F4FB62093A9BF00093B58 /* PinCoordinator.swift */,
				239F4FBA2093F37500093B58 /* SendTransactionCoordinator.swift */,
			);
			path = Coordinators;
			sourceTree = "<group>";
		};
		2320009F2085601B00B702D0 /* Controllers */ = {
			isa = PBXGroup;
			children = (
				232000A02085604C00B702D0 /* WalletViewController.swift */,
				231290C12087FA700055FDD2 /* SendTransactionViewController.swift */,
				237561E5208A76B500D8018F /* TransactionSummaryController.swift */,
				237561E7208AA0BB00D8018F /* SetWalletViewController.swift */,
				237561E9208AA4E800D8018F /* ImportWalletViewController.swift */,
				237561EB208AA50500D8018F /* NewWalletViewController.swift */,
				23DCC8D9208E9D31003A2B3C /* PinViewController.swift */,
				2333D1952093FDDC002F5DD4 /* ShareAddressViewController.swift */,
				238CF3002097F10E00B80DEB /* GasPriceSelectorViewController.swift */,
			);
			path = Controllers;
			sourceTree = "<group>";
		};
		2391D29E2098F71F001DDC9B /* EtherModel */ = {
			isa = PBXGroup;
			children = (
				2391D29F2098F894001DDC9B /* Keystore.swift */,
			);
			path = EtherModel;
			sourceTree = "<group>";
		};
		23BDF12B20818461005DED76 /* Wallet */ = {
			isa = PBXGroup;
			children = (
				2391D29E2098F71F001DDC9B /* EtherModel */,
				23DCC8DE208EAD4D003A2B3C /* Types */,
				2320009F2085601B00B702D0 /* Controllers */,
				23026B252085310700D959E1 /* Coordinators */,
				23026B242085309800D959E1 /* ViewModels */,
				23026B232085308C00D959E1 /* Views */,
				23BDF12C20818487005DED76 /* PasswordGen.swift */,
				239F4FB42093A94500093B58 /* Coordinator.swift */,
			);
			path = Wallet;
			sourceTree = "<group>";
		};
		23DCC8DE208EAD4D003A2B3C /* Types */ = {
			isa = PBXGroup;
			children = (
				23DCC8DF208EAD5D003A2B3C /* PinPadEntryPoint.swift */,
				23DCC8E4208EB38B003A2B3C /* SetWalletType.swift */,
				239F4FB82093EC8900093B58 /* CoinType.swift */,
				230D45542097FDE70004FBC4 /* GasSetting.swift */,
			);
			path = Types;
			sourceTree = "<group>";
		};
		2C604CBE59E665C044EE0051 /* Pods */ = {
			isa = PBXGroup;
			children = (
				91348999CB5C8264EC947068 /* Pods-iOSapp.debug.xcconfig */,
				745EB04FB0F6A5662BCED726 /* Pods-iOSapp.release.xcconfig */,
				E1D5804EA5353EA5B07003B4 /* Pods-iOSappTests.debug.xcconfig */,
				9C3BA537D8BE27682F6F903E /* Pods-iOSappTests.release.xcconfig */,
				3E2C46BA9B87356844EA8BDA /* Pods-iOSappUITests.debug.xcconfig */,
				9AE570903396E22B76BAE2B1 /* Pods-iOSappUITests.release.xcconfig */,
			);
			name = Pods;
			sourceTree = "<group>";
		};
		7D0047EB1F997E3E00B02D1A = {
			isa = PBXGroup;
			children = (
				7DD073BF20784D8D001D24BD /* SettingsMember.swift */,
				7DD073BD20784D7D001D24BD /* SettingsMember.xib */,
				7DD073BB20771BB7001D24BD /* BackHeaderView.swift */,
				7DD073B920771B9D001D24BD /* BackHeaderView.xib */,
				7D160E862064A14D00D41279 /* ProfileView.swift */,
				7D160E8220649DB500D41279 /* ProfileView.xib */,
				7D1EC477203F92A6004B7B44 /* UserImage.swift */,
				7D1EC475203F928D004B7B44 /* UserImage.xib */,
				7D85D30E202BEC9600867F8B /* SnippetView.xib */,
				7D85D30C202BEC7500867F8B /* SnippetView.swift */,
				7DAD9292203E303600337922 /* CommentView.xib */,
				7DAD9294203E304500337922 /* CommentView.swift */,
				7D0047F61F997E3E00B02D1A /* iOSapp */,
				7D00480B1F997E3E00B02D1A /* iOSappTests */,
				7D0048161F997E3E00B02D1A /* iOSappUITests */,
				7D0047F51F997E3E00B02D1A /* Products */,
				2C604CBE59E665C044EE0051 /* Pods */,
				A507D6DA4394F34C2DF4925E /* Frameworks */,
			);
			sourceTree = "<group>";
		};
		7D0047F51F997E3E00B02D1A /* Products */ = {
			isa = PBXGroup;
			children = (
				7D0047F41F997E3E00B02D1A /* iOSapp.app */,
				7D0048081F997E3E00B02D1A /* iOSappTests.xctest */,
				7D0048131F997E3E00B02D1A /* iOSappUITests.xctest */,
			);
			name = Products;
			sourceTree = "<group>";
		};
		7D0047F61F997E3E00B02D1A /* iOSapp */ = {
			isa = PBXGroup;
			children = (
				23BDF12B20818461005DED76 /* Wallet */,
				7DD073B520757C24001D24BD /* MainTabBarViewController.swift */,
				7DC58873206B021300BFA5AD /* LoginViewController.swift */,
				7DD405E320423F8300FF3ACB /* iOSapp.entitlements */,
				7D0047F71F997E3E00B02D1A /* AppDelegate.swift */,
				7D820EB01FCE22F800404FA2 /* CommentsTableViewController.swift */,
				7DD073B72076DA30001D24BD /* SettingsViewController.swift */,
				7D4641921FBBC4C300E29578 /* OpeningSplashScreenViewController.swift */,
				7D5DAA301F9EB549000FFC15 /* SnippetsTableViewController.swift */,
				7DCB69DB20699E57005BAD86 /* SnippetsTableViewUIUtils.swift */,
				7DCB69DD20699EE7005BAD86 /* SnippetsTableViewDataUtils.swift */,
				7DDA3D9C206C5DAE00960252 /* SignupViewController.swift */,
				7DD073C120785AB0001D24BD /* SnipWalletController.swift */,
				7D8C5C712045F8B400E53DE0 /* ReportInfo.swift */,
				7D7F25CC1FD0EE19000D9860 /* ProfileViewController.swift */,
				7D0047FB1F997E3E00B02D1A /* Main.storyboard */,
				7D93CAE21FD73E650044C246 /* ForgotPasswordController.swift */,
				7D8939AF1F9FEE6F00CFFFDA /* SnippetTableViewCell.swift */,
				7D839E2E1FC6843E007501F2 /* CommentTableViewCell.swift */,
				7DF3927E1FB39F2600CECC45 /* NSMutableAttributedString+Extensions.swift */,
				7D92A1AB1FA033380014D31D /* Images.xcassets */,
				7D0048031F997E3E00B02D1A /* Info.plist */,
				7D44B56A1FA418B7005482C9 /* ProgramError.swift */,
				7D44B56C1FA47264005482C9 /* NoError.swift */,
				7D44B5701FA6ECCA005482C9 /* PostData.swift */,
				7D7F25C41FD0D6EA000D9860 /* CommentActionData.swift */,
				7D820EAE1FCD19DB00404FA2 /* UITextView+Placeholder.swift */,
				7DA1A94C1FCB7CC200ABB0C4 /* Comment.swift */,
				7DE89D8E1FD60D9E004AD45E /* CommentUtils.swift */,
				7DA1A94E1FCB7CF600ABB0C4 /* SnipUser.swift */,
				7DA1A9501FCB7CFF00ABB0C4 /* SnipImage.swift */,
				7DA35D0A1FA70B7A006306FD /* AppCache.swift */,
				7DF3F93E1FB63B7100B0E8A3 /* SystemVariables.swift */,
				7DBD047C1FB8043B009CF09B /* Date+TimeDifferences.swift */,
				7D5C43461FBA6FF900551E49 /* Utils.swift */,
				7DA998011FE4EC7A0091749F /* LoginOrSignupData.swift */,
				7D93CAE41FD747710044C246 /* WebUtils.swift */,
				7D91DC591FBF79E400771820 /* Logger.swift */,
				7D5C43481FBA778A00551E49 /* UIImageViewWithMetadata.swift */,
				7D5C434E1FBBB42F00551E49 /* TableCellDataUtils.swift */,
				7D4641941FBBD3ED00E29578 /* SnipRetrieverFromWeb.swift */,
				7D91DC5B1FC35D4700771820 /* MixpanelType+ToString.swift */,
				7D6E27841FD0D12400E7C2FF /* LogInfo.swift */,
				7D6E9EA21FD495B00068D614 /* UserInformation.swift */,
				7D93CAE61FD8F6B60044C246 /* CachedData.swift */,
				7DD29BBA1FD5F31C0048FC15 /* GenericProgramViewController.swift */,
				7D812FC5202423F700968B9E /* CellTextUtils.swift */,
				7DD405E420449A0F00FF3ACB /* SnippetMenu.swift */,
				7DC588712069C51600BFA5AD /* SignupWelcomeViewController.swift */,
				7DED9F91206C82EF00218C4C /* LoginDesignUtils.swift */,
			);
			path = iOSapp;
			sourceTree = "<group>";
		};
		7D00480B1F997E3E00B02D1A /* iOSappTests */ = {
			isa = PBXGroup;
			children = (
				7D00480C1F997E3E00B02D1A /* iOSappTests.swift */,
				7D00480E1F997E3E00B02D1A /* Info.plist */,
			);
			path = iOSappTests;
			sourceTree = "<group>";
		};
		7D0048161F997E3E00B02D1A /* iOSappUITests */ = {
			isa = PBXGroup;
			children = (
				7D0048171F997E3E00B02D1A /* iOSappUITests.swift */,
				7D0048191F997E3E00B02D1A /* Info.plist */,
			);
			path = iOSappUITests;
			sourceTree = "<group>";
		};
		A507D6DA4394F34C2DF4925E /* Frameworks */ = {
			isa = PBXGroup;
			children = (
				56A19260EED11E20A5BE48F1 /* Pods_iOSapp.framework */,
				17FCB9B9C064086142FD118B /* Pods_iOSappTests.framework */,
				29258515623EE96CE343A996 /* Pods_iOSappUITests.framework */,
			);
			name = Frameworks;
			sourceTree = "<group>";
		};
/* End PBXGroup section */

/* Begin PBXNativeTarget section */
		7D0047F31F997E3E00B02D1A /* iOSapp */ = {
			isa = PBXNativeTarget;
			buildConfigurationList = 7D00481C1F997E3E00B02D1A /* Build configuration list for PBXNativeTarget "iOSapp" */;
			buildPhases = (
				1979404CA2B6B1131D8A5CA2 /* [CP] Check Pods Manifest.lock */,
				7D0047F01F997E3E00B02D1A /* Sources */,
				7D0047F11F997E3E00B02D1A /* Frameworks */,
				7D0047F21F997E3E00B02D1A /* Resources */,
				29C32672D94A7746FBBDFCE4 /* [CP] Embed Pods Frameworks */,
				7D4641961FBC089900E29578 /* ShellScript */,
				BE1C575B0A52096E73F23E0F /* [CP] Copy Pods Resources */,
			);
			buildRules = (
			);
			dependencies = (
			);
			name = iOSapp;
			productName = iOSapp;
			productReference = 7D0047F41F997E3E00B02D1A /* iOSapp.app */;
			productType = "com.apple.product-type.application";
		};
		7D0048071F997E3E00B02D1A /* iOSappTests */ = {
			isa = PBXNativeTarget;
			buildConfigurationList = 7D00481F1F997E3E00B02D1A /* Build configuration list for PBXNativeTarget "iOSappTests" */;
			buildPhases = (
				750246B33D3DC0E8AC7880CB /* [CP] Check Pods Manifest.lock */,
				7D0048041F997E3E00B02D1A /* Sources */,
				7D0048051F997E3E00B02D1A /* Frameworks */,
				7D0048061F997E3E00B02D1A /* Resources */,
			);
			buildRules = (
			);
			dependencies = (
				7D00480A1F997E3E00B02D1A /* PBXTargetDependency */,
			);
			name = iOSappTests;
			productName = iOSappTests;
			productReference = 7D0048081F997E3E00B02D1A /* iOSappTests.xctest */;
			productType = "com.apple.product-type.bundle.unit-test";
		};
		7D0048121F997E3E00B02D1A /* iOSappUITests */ = {
			isa = PBXNativeTarget;
			buildConfigurationList = 7D0048221F997E3E00B02D1A /* Build configuration list for PBXNativeTarget "iOSappUITests" */;
			buildPhases = (
				EBA97F788E7E75D059F59D08 /* [CP] Check Pods Manifest.lock */,
				7D00480F1F997E3E00B02D1A /* Sources */,
				7D0048101F997E3E00B02D1A /* Frameworks */,
				7D0048111F997E3E00B02D1A /* Resources */,
			);
			buildRules = (
			);
			dependencies = (
				7D0048151F997E3E00B02D1A /* PBXTargetDependency */,
			);
			name = iOSappUITests;
			productName = iOSappUITests;
			productReference = 7D0048131F997E3E00B02D1A /* iOSappUITests.xctest */;
			productType = "com.apple.product-type.bundle.ui-testing";
		};
/* End PBXNativeTarget section */

/* Begin PBXProject section */
		7D0047EC1F997E3E00B02D1A /* Project object */ = {
			isa = PBXProject;
			attributes = {
				LastSwiftUpdateCheck = 0900;
				LastUpgradeCheck = 0900;
				ORGANIZATIONNAME = "Ran Reichman";
				TargetAttributes = {
					7D0047F31F997E3E00B02D1A = {
						CreatedOnToolsVersion = 9.0.1;
						ProvisioningStyle = Automatic;
						SystemCapabilities = {
							com.apple.Push = {
								enabled = 1;
							};
							com.apple.SafariKeychain = {
								enabled = 1;
							};
						};
					};
					7D0048071F997E3E00B02D1A = {
						CreatedOnToolsVersion = 9.0.1;
						ProvisioningStyle = Automatic;
						TestTargetID = 7D0047F31F997E3E00B02D1A;
					};
					7D0048121F997E3E00B02D1A = {
						CreatedOnToolsVersion = 9.0.1;
						ProvisioningStyle = Automatic;
						TestTargetID = 7D0047F31F997E3E00B02D1A;
					};
				};
			};
			buildConfigurationList = 7D0047EF1F997E3E00B02D1A /* Build configuration list for PBXProject "iOSapp" */;
			compatibilityVersion = "Xcode 8.0";
			developmentRegion = en;
			hasScannedForEncodings = 0;
			knownRegions = (
				en,
				Base,
			);
			mainGroup = 7D0047EB1F997E3E00B02D1A;
			productRefGroup = 7D0047F51F997E3E00B02D1A /* Products */;
			projectDirPath = "";
			projectRoot = "";
			targets = (
				7D0047F31F997E3E00B02D1A /* iOSapp */,
				7D0048071F997E3E00B02D1A /* iOSappTests */,
				7D0048121F997E3E00B02D1A /* iOSappUITests */,
			);
		};
/* End PBXProject section */

/* Begin PBXResourcesBuildPhase section */
		7D0047F21F997E3E00B02D1A /* Resources */ = {
			isa = PBXResourcesBuildPhase;
			buildActionMask = 2147483647;
			files = (
				7DAD9293203E303600337922 /* CommentView.xib in Resources */,
				7DD073BA20771B9D001D24BD /* BackHeaderView.xib in Resources */,
				7D1EC476203F928D004B7B44 /* UserImage.xib in Resources */,
				7D160E8320649DB500D41279 /* ProfileView.xib in Resources */,
				230AE450209405E3001A05DC /* ShareAddressView.xib in Resources */,
				7DD073BE20784D7D001D24BD /* SettingsMember.xib in Resources */,
				7D0047FD1F997E3E00B02D1A /* Main.storyboard in Resources */,
				7D85D30F202BEC9600867F8B /* SnippetView.xib in Resources */,
				7D92A1AC1FA033380014D31D /* Images.xcassets in Resources */,
			);
			runOnlyForDeploymentPostprocessing = 0;
		};
		7D0048061F997E3E00B02D1A /* Resources */ = {
			isa = PBXResourcesBuildPhase;
			buildActionMask = 2147483647;
			files = (
			);
			runOnlyForDeploymentPostprocessing = 0;
		};
		7D0048111F997E3E00B02D1A /* Resources */ = {
			isa = PBXResourcesBuildPhase;
			buildActionMask = 2147483647;
			files = (
			);
			runOnlyForDeploymentPostprocessing = 0;
		};
/* End PBXResourcesBuildPhase section */

/* Begin PBXShellScriptBuildPhase section */
		1979404CA2B6B1131D8A5CA2 /* [CP] Check Pods Manifest.lock */ = {
			isa = PBXShellScriptBuildPhase;
			buildActionMask = 2147483647;
			files = (
			);
			inputPaths = (
				"${PODS_PODFILE_DIR_PATH}/Podfile.lock",
				"${PODS_ROOT}/Manifest.lock",
			);
			name = "[CP] Check Pods Manifest.lock";
			outputPaths = (
				"$(DERIVED_FILE_DIR)/Pods-iOSapp-checkManifestLockResult.txt",
			);
			runOnlyForDeploymentPostprocessing = 0;
			shellPath = /bin/sh;
			shellScript = "diff \"${PODS_PODFILE_DIR_PATH}/Podfile.lock\" \"${PODS_ROOT}/Manifest.lock\" > /dev/null\nif [ $? != 0 ] ; then\n    # print error to STDERR\n    echo \"error: The sandbox is not in sync with the Podfile.lock. Run 'pod install' or update your CocoaPods installation.\" >&2\n    exit 1\nfi\n# This output is used by Xcode 'outputs' to avoid re-running this script phase.\necho \"SUCCESS\" > \"${SCRIPT_OUTPUT_FILE_0}\"\n";
			showEnvVarsInLog = 0;
		};
		29C32672D94A7746FBBDFCE4 /* [CP] Embed Pods Frameworks */ = {
			isa = PBXShellScriptBuildPhase;
			buildActionMask = 2147483647;
			files = (
			);
			inputPaths = (
				"${SRCROOT}/Pods/Target Support Files/Pods-iOSapp/Pods-iOSapp-frameworks.sh",
				"${BUILT_PRODUCTS_DIR}/BigInt/BigInt.framework",
				"${BUILT_PRODUCTS_DIR}/Bolts/Bolts.framework",
				"${BUILT_PRODUCTS_DIR}/Cache/Cache.framework",
				"${BUILT_PRODUCTS_DIR}/CryptoSwift/CryptoSwift.framework",
				"${BUILT_PRODUCTS_DIR}/FBSDKCoreKit/FBSDKCoreKit.framework",
				"${BUILT_PRODUCTS_DIR}/FBSDKLoginKit/FBSDKLoginKit.framework",
				"${BUILT_PRODUCTS_DIR}/FBSDKShareKit/FBSDKShareKit.framework",
				"${BUILT_PRODUCTS_DIR}/FacebookCore/FacebookCore.framework",
				"${BUILT_PRODUCTS_DIR}/FacebookLogin/FacebookLogin.framework",
				"${BUILT_PRODUCTS_DIR}/FacebookShare/FacebookShare.framework",
				"${BUILT_PRODUCTS_DIR}/KeychainSwift/KeychainSwift.framework",
				"${BUILT_PRODUCTS_DIR}/LatoFont/LatoFont.framework",
				"${BUILT_PRODUCTS_DIR}/Mixpanel-swift/Mixpanel.framework",
				"${BUILT_PRODUCTS_DIR}/NextResponderTextField/NextResponderTextField.framework",
				"${BUILT_PRODUCTS_DIR}/RxCocoa/RxCocoa.framework",
				"${BUILT_PRODUCTS_DIR}/RxSwift/RxSwift.framework",
				"${BUILT_PRODUCTS_DIR}/SipHash/SipHash.framework",
				"${BUILT_PRODUCTS_DIR}/TrezorCrypto/TrezorCrypto.framework",
				"${BUILT_PRODUCTS_DIR}/TrustCore/TrustCore.framework",
				"${BUILT_PRODUCTS_DIR}/TrustKeystore/TrustKeystore.framework",
			);
			name = "[CP] Embed Pods Frameworks";
			outputPaths = (
				"${TARGET_BUILD_DIR}/${FRAMEWORKS_FOLDER_PATH}/BigInt.framework",
				"${TARGET_BUILD_DIR}/${FRAMEWORKS_FOLDER_PATH}/Bolts.framework",
				"${TARGET_BUILD_DIR}/${FRAMEWORKS_FOLDER_PATH}/Cache.framework",
				"${TARGET_BUILD_DIR}/${FRAMEWORKS_FOLDER_PATH}/CryptoSwift.framework",
				"${TARGET_BUILD_DIR}/${FRAMEWORKS_FOLDER_PATH}/FBSDKCoreKit.framework",
				"${TARGET_BUILD_DIR}/${FRAMEWORKS_FOLDER_PATH}/FBSDKLoginKit.framework",
				"${TARGET_BUILD_DIR}/${FRAMEWORKS_FOLDER_PATH}/FBSDKShareKit.framework",
				"${TARGET_BUILD_DIR}/${FRAMEWORKS_FOLDER_PATH}/FacebookCore.framework",
				"${TARGET_BUILD_DIR}/${FRAMEWORKS_FOLDER_PATH}/FacebookLogin.framework",
				"${TARGET_BUILD_DIR}/${FRAMEWORKS_FOLDER_PATH}/FacebookShare.framework",
				"${TARGET_BUILD_DIR}/${FRAMEWORKS_FOLDER_PATH}/KeychainSwift.framework",
				"${TARGET_BUILD_DIR}/${FRAMEWORKS_FOLDER_PATH}/LatoFont.framework",
				"${TARGET_BUILD_DIR}/${FRAMEWORKS_FOLDER_PATH}/Mixpanel.framework",
				"${TARGET_BUILD_DIR}/${FRAMEWORKS_FOLDER_PATH}/NextResponderTextField.framework",
				"${TARGET_BUILD_DIR}/${FRAMEWORKS_FOLDER_PATH}/RxCocoa.framework",
				"${TARGET_BUILD_DIR}/${FRAMEWORKS_FOLDER_PATH}/RxSwift.framework",
				"${TARGET_BUILD_DIR}/${FRAMEWORKS_FOLDER_PATH}/SipHash.framework",
				"${TARGET_BUILD_DIR}/${FRAMEWORKS_FOLDER_PATH}/TrezorCrypto.framework",
				"${TARGET_BUILD_DIR}/${FRAMEWORKS_FOLDER_PATH}/TrustCore.framework",
				"${TARGET_BUILD_DIR}/${FRAMEWORKS_FOLDER_PATH}/TrustKeystore.framework",
			);
			runOnlyForDeploymentPostprocessing = 0;
			shellPath = /bin/sh;
			shellScript = "\"${SRCROOT}/Pods/Target Support Files/Pods-iOSapp/Pods-iOSapp-frameworks.sh\"\n";
			showEnvVarsInLog = 0;
		};
		750246B33D3DC0E8AC7880CB /* [CP] Check Pods Manifest.lock */ = {
			isa = PBXShellScriptBuildPhase;
			buildActionMask = 2147483647;
			files = (
			);
			inputPaths = (
				"${PODS_PODFILE_DIR_PATH}/Podfile.lock",
				"${PODS_ROOT}/Manifest.lock",
			);
			name = "[CP] Check Pods Manifest.lock";
			outputPaths = (
				"$(DERIVED_FILE_DIR)/Pods-iOSappTests-checkManifestLockResult.txt",
			);
			runOnlyForDeploymentPostprocessing = 0;
			shellPath = /bin/sh;
			shellScript = "diff \"${PODS_PODFILE_DIR_PATH}/Podfile.lock\" \"${PODS_ROOT}/Manifest.lock\" > /dev/null\nif [ $? != 0 ] ; then\n    # print error to STDERR\n    echo \"error: The sandbox is not in sync with the Podfile.lock. Run 'pod install' or update your CocoaPods installation.\" >&2\n    exit 1\nfi\n# This output is used by Xcode 'outputs' to avoid re-running this script phase.\necho \"SUCCESS\" > \"${SCRIPT_OUTPUT_FILE_0}\"\n";
			showEnvVarsInLog = 0;
		};
		7D4641961FBC089900E29578 /* ShellScript */ = {
			isa = PBXShellScriptBuildPhase;
			buildActionMask = 2147483647;
			files = (
			);
			inputPaths = (
			);
			outputPaths = (
			);
			runOnlyForDeploymentPostprocessing = 0;
			shellPath = /bin/sh;
			shellScript = "\"${PODS_ROOT}/Fabric/run\" 87a4baaa9ab22614a389ca46db56234144791982 3fdca75eadb42cfe918a5c30b93531c0a8f336e33b31fc82dbb20a1a800c4e73";
		};
		BE1C575B0A52096E73F23E0F /* [CP] Copy Pods Resources */ = {
			isa = PBXShellScriptBuildPhase;
			buildActionMask = 2147483647;
			files = (
			);
			inputPaths = (
				"${SRCROOT}/Pods/Target Support Files/Pods-iOSapp/Pods-iOSapp-resources.sh",
				"${PODS_CONFIGURATION_BUILD_DIR}/TrustWeb3Provider/TrustWeb3Provider.bundle",
			);
			name = "[CP] Copy Pods Resources";
			outputPaths = (
				"${TARGET_BUILD_DIR}/${UNLOCALIZED_RESOURCES_FOLDER_PATH}/TrustWeb3Provider.bundle",
			);
			runOnlyForDeploymentPostprocessing = 0;
			shellPath = /bin/sh;
			shellScript = "\"${SRCROOT}/Pods/Target Support Files/Pods-iOSapp/Pods-iOSapp-resources.sh\"\n";
			showEnvVarsInLog = 0;
		};
		EBA97F788E7E75D059F59D08 /* [CP] Check Pods Manifest.lock */ = {
			isa = PBXShellScriptBuildPhase;
			buildActionMask = 2147483647;
			files = (
			);
			inputPaths = (
				"${PODS_PODFILE_DIR_PATH}/Podfile.lock",
				"${PODS_ROOT}/Manifest.lock",
			);
			name = "[CP] Check Pods Manifest.lock";
			outputPaths = (
				"$(DERIVED_FILE_DIR)/Pods-iOSappUITests-checkManifestLockResult.txt",
			);
			runOnlyForDeploymentPostprocessing = 0;
			shellPath = /bin/sh;
			shellScript = "diff \"${PODS_PODFILE_DIR_PATH}/Podfile.lock\" \"${PODS_ROOT}/Manifest.lock\" > /dev/null\nif [ $? != 0 ] ; then\n    # print error to STDERR\n    echo \"error: The sandbox is not in sync with the Podfile.lock. Run 'pod install' or update your CocoaPods installation.\" >&2\n    exit 1\nfi\n# This output is used by Xcode 'outputs' to avoid re-running this script phase.\necho \"SUCCESS\" > \"${SCRIPT_OUTPUT_FILE_0}\"\n";
			showEnvVarsInLog = 0;
		};
/* End PBXShellScriptBuildPhase section */

/* Begin PBXSourcesBuildPhase section */
		7D0047F01F997E3E00B02D1A /* Sources */ = {
			isa = PBXSourcesBuildPhase;
			buildActionMask = 2147483647;
			files = (
				2391D2A02098F894001DDC9B /* Keystore.swift in Sources */,
				238CF2FF2097CFAA00B80DEB /* ShareAddressPresentationController.swift in Sources */,
				7DD405E520449A0F00FF3ACB /* SnippetMenu.swift in Sources */,
				7D91DC5A1FBF79E400771820 /* Logger.swift in Sources */,
				7D5C43471FBA6FF900551E49 /* Utils.swift in Sources */,
				7DF3F93F1FB63B7100B0E8A3 /* SystemVariables.swift in Sources */,
				7DF3927F1FB39F2600CECC45 /* NSMutableAttributedString+Extensions.swift in Sources */,
				7DD073B620757C24001D24BD /* MainTabBarViewController.swift in Sources */,
				7D0047F81F997E3E00B02D1A /* AppDelegate.swift in Sources */,
				7DD29BBB1FD5F31C0048FC15 /* GenericProgramViewController.swift in Sources */,
				23DCC8DA208E9D31003A2B3C /* PinViewController.swift in Sources */,
				7DA1A9511FCB7CFF00ABB0C4 /* SnipImage.swift in Sources */,
				238CF3012097F10E00B80DEB /* GasPriceSelectorViewController.swift in Sources */,
				2333D1962093FDDC002F5DD4 /* ShareAddressViewController.swift in Sources */,
				7D820EB11FCE22F800404FA2 /* CommentsTableViewController.swift in Sources */,
				7D4641931FBBC4C300E29578 /* OpeningSplashScreenViewController.swift in Sources */,
				7D85D30D202BEC7500867F8B /* SnippetView.swift in Sources */,
				7D93CAE31FD73E650044C246 /* ForgotPasswordController.swift in Sources */,
				7D160E872064A14D00D41279 /* ProfileView.swift in Sources */,
				7D93CAE71FD8F6B60044C246 /* CachedData.swift in Sources */,
				23DCC8E3208EADFE003A2B3C /* SetWalletCoordinator.swift in Sources */,
				7D91DC5C1FC35D4700771820 /* MixpanelType+ToString.swift in Sources */,
				7DA998021FE4EC7A0091749F /* LoginOrSignupData.swift in Sources */,
				7D7F25C51FD0D6EA000D9860 /* CommentActionData.swift in Sources */,
				7D5C434F1FBBB42F00551E49 /* TableCellDataUtils.swift in Sources */,
				7D7F25CD1FD0EE19000D9860 /* ProfileViewController.swift in Sources */,
				7DD073C220785AB0001D24BD /* SnipWalletController.swift in Sources */,
				7D44B5711FA6ECCA005482C9 /* PostData.swift in Sources */,
				7DED9F92206C82EF00218C4C /* LoginDesignUtils.swift in Sources */,
				23026B27208535FC00D959E1 /* WalletCoordinator.swift in Sources */,
				23DCC8E0208EAD5D003A2B3C /* PinPadEntryPoint.swift in Sources */,
				7DB1BD621F9EB9E00033F67A /* SnippetsTableViewController.swift in Sources */,
				237561E6208A76B500D8018F /* TransactionSummaryController.swift in Sources */,
				7DE89D8F1FD60D9E004AD45E /* CommentUtils.swift in Sources */,
				7D6E9EA31FD495B00068D614 /* UserInformation.swift in Sources */,
				7DAD9295203E304500337922 /* CommentView.swift in Sources */,
				7DD073B82076DA30001D24BD /* SettingsViewController.swift in Sources */,
				230D45552097FDE70004FBC4 /* GasSetting.swift in Sources */,
				7D839E2F1FC6843E007501F2 /* CommentTableViewCell.swift in Sources */,
				231290C22087FA700055FDD2 /* SendTransactionViewController.swift in Sources */,
				7D812FC6202423F700968B9E /* CellTextUtils.swift in Sources */,
				7DD073C020784D8D001D24BD /* SettingsMember.swift in Sources */,
				7DD073BC20771BB7001D24BD /* BackHeaderView.swift in Sources */,
				7DA1A94F1FCB7CF600ABB0C4 /* SnipUser.swift in Sources */,
				239F4FB72093A9BF00093B58 /* PinCoordinator.swift in Sources */,
				7D6E27851FD0D12400E7C2FF /* LogInfo.swift in Sources */,
				7D820EAF1FCD19DB00404FA2 /* UITextView+Placeholder.swift in Sources */,
				7D44B56D1FA47264005482C9 /* NoError.swift in Sources */,
				7D93CAE51FD747710044C246 /* WebUtils.swift in Sources */,
				23BDF12D20818487005DED76 /* PasswordGen.swift in Sources */,
				230AE44E209405B5001A05DC /* ShareAddressView.swift in Sources */,
				7DBD047D1FB8043B009CF09B /* Date+TimeDifferences.swift in Sources */,
				7DCB69DE20699EE7005BAD86 /* SnippetsTableViewDataUtils.swift in Sources */,
				232000A12085604C00B702D0 /* WalletViewController.swift in Sources */,
				7D44B56B1FA418B7005482C9 /* ProgramError.swift in Sources */,
				239F4FB52093A94500093B58 /* Coordinator.swift in Sources */,
				239F4FB92093EC8900093B58 /* CoinType.swift in Sources */,
				7D8C5C722045F8B400E53DE0 /* ReportInfo.swift in Sources */,
				7D8939B01F9FEE6F00CFFFDA /* SnippetTableViewCell.swift in Sources */,
				7DA1A94D1FCB7CC200ABB0C4 /* Comment.swift in Sources */,
				7DC58874206B021300BFA5AD /* LoginViewController.swift in Sources */,
				7D1EC478203F92A6004B7B44 /* UserImage.swift in Sources */,
				7DDA3D9D206C5DAE00960252 /* SignupViewController.swift in Sources */,
				7DA35D0B1FA70B7A006306FD /* AppCache.swift in Sources */,
				239F4FBB2093F37500093B58 /* SendTransactionCoordinator.swift in Sources */,
				237561EA208AA4E800D8018F /* ImportWalletViewController.swift in Sources */,
				7DCB69DC20699E57005BAD86 /* SnippetsTableViewUIUtils.swift in Sources */,
				237561E8208AA0BB00D8018F /* SetWalletViewController.swift in Sources */,
				7D4641951FBBD3ED00E29578 /* SnipRetrieverFromWeb.swift in Sources */,
				7D5C43491FBA778A00551E49 /* UIImageViewWithMetadata.swift in Sources */,
				237561EC208AA50500D8018F /* NewWalletViewController.swift in Sources */,
				7DC588722069C51600BFA5AD /* SignupWelcomeViewController.swift in Sources */,
				23DCC8E5208EB38B003A2B3C /* SetWalletType.swift in Sources */,
			);
			runOnlyForDeploymentPostprocessing = 0;
		};
		7D0048041F997E3E00B02D1A /* Sources */ = {
			isa = PBXSourcesBuildPhase;
			buildActionMask = 2147483647;
			files = (
				7D00480D1F997E3E00B02D1A /* iOSappTests.swift in Sources */,
			);
			runOnlyForDeploymentPostprocessing = 0;
		};
		7D00480F1F997E3E00B02D1A /* Sources */ = {
			isa = PBXSourcesBuildPhase;
			buildActionMask = 2147483647;
			files = (
				7D0048181F997E3E00B02D1A /* iOSappUITests.swift in Sources */,
			);
			runOnlyForDeploymentPostprocessing = 0;
		};
/* End PBXSourcesBuildPhase section */

/* Begin PBXTargetDependency section */
		7D00480A1F997E3E00B02D1A /* PBXTargetDependency */ = {
			isa = PBXTargetDependency;
			target = 7D0047F31F997E3E00B02D1A /* iOSapp */;
			targetProxy = 7D0048091F997E3E00B02D1A /* PBXContainerItemProxy */;
		};
		7D0048151F997E3E00B02D1A /* PBXTargetDependency */ = {
			isa = PBXTargetDependency;
			target = 7D0047F31F997E3E00B02D1A /* iOSapp */;
			targetProxy = 7D0048141F997E3E00B02D1A /* PBXContainerItemProxy */;
		};
/* End PBXTargetDependency section */

/* Begin PBXVariantGroup section */
		7D0047FB1F997E3E00B02D1A /* Main.storyboard */ = {
			isa = PBXVariantGroup;
			children = (
				7D0047FC1F997E3E00B02D1A /* Base */,
			);
			name = Main.storyboard;
			sourceTree = "<group>";
		};
/* End PBXVariantGroup section */

/* Begin XCBuildConfiguration section */
		7D00481A1F997E3E00B02D1A /* Debug */ = {
			isa = XCBuildConfiguration;
			buildSettings = {
				ALWAYS_SEARCH_USER_PATHS = NO;
				CLANG_ANALYZER_NONNULL = YES;
				CLANG_ANALYZER_NUMBER_OBJECT_CONVERSION = YES_AGGRESSIVE;
				CLANG_CXX_LANGUAGE_STANDARD = "gnu++14";
				CLANG_CXX_LIBRARY = "libc++";
				CLANG_ENABLE_MODULES = YES;
				CLANG_ENABLE_OBJC_ARC = YES;
				CLANG_WARN_BLOCK_CAPTURE_AUTORELEASING = YES;
				CLANG_WARN_BOOL_CONVERSION = YES;
				CLANG_WARN_COMMA = YES;
				CLANG_WARN_CONSTANT_CONVERSION = YES;
				CLANG_WARN_DIRECT_OBJC_ISA_USAGE = YES_ERROR;
				CLANG_WARN_DOCUMENTATION_COMMENTS = YES;
				CLANG_WARN_EMPTY_BODY = YES;
				CLANG_WARN_ENUM_CONVERSION = YES;
				CLANG_WARN_INFINITE_RECURSION = YES;
				CLANG_WARN_INT_CONVERSION = YES;
				CLANG_WARN_NON_LITERAL_NULL_CONVERSION = YES;
				CLANG_WARN_OBJC_LITERAL_CONVERSION = YES;
				CLANG_WARN_OBJC_ROOT_CLASS = YES_ERROR;
				CLANG_WARN_RANGE_LOOP_ANALYSIS = YES;
				CLANG_WARN_STRICT_PROTOTYPES = YES;
				CLANG_WARN_SUSPICIOUS_MOVE = YES;
				CLANG_WARN_UNGUARDED_AVAILABILITY = YES_AGGRESSIVE;
				CLANG_WARN_UNREACHABLE_CODE = YES;
				CLANG_WARN__DUPLICATE_METHOD_MATCH = YES;
				CODE_SIGN_IDENTITY = "iPhone Developer";
				COPY_PHASE_STRIP = NO;
				DEBUG_INFORMATION_FORMAT = dwarf;
				ENABLE_STRICT_OBJC_MSGSEND = YES;
				ENABLE_TESTABILITY = YES;
				GCC_C_LANGUAGE_STANDARD = gnu11;
				GCC_DYNAMIC_NO_PIC = NO;
				GCC_NO_COMMON_BLOCKS = YES;
				GCC_OPTIMIZATION_LEVEL = 0;
				GCC_PREPROCESSOR_DEFINITIONS = (
					"DEBUG=1",
					"$(inherited)",
				);
				GCC_WARN_64_TO_32_BIT_CONVERSION = YES;
				GCC_WARN_ABOUT_RETURN_TYPE = YES_ERROR;
				GCC_WARN_UNDECLARED_SELECTOR = YES;
				GCC_WARN_UNINITIALIZED_AUTOS = YES_AGGRESSIVE;
				GCC_WARN_UNUSED_FUNCTION = YES;
				GCC_WARN_UNUSED_VARIABLE = YES;
				IPHONEOS_DEPLOYMENT_TARGET = 11.0;
				MTL_ENABLE_DEBUG_INFO = YES;
				ONLY_ACTIVE_ARCH = YES;
				SDKROOT = iphoneos;
				SWIFT_ACTIVE_COMPILATION_CONDITIONS = DEBUG;
				SWIFT_OPTIMIZATION_LEVEL = "-Onone";
			};
			name = Debug;
		};
		7D00481B1F997E3E00B02D1A /* Release */ = {
			isa = XCBuildConfiguration;
			buildSettings = {
				ALWAYS_SEARCH_USER_PATHS = NO;
				CLANG_ANALYZER_NONNULL = YES;
				CLANG_ANALYZER_NUMBER_OBJECT_CONVERSION = YES_AGGRESSIVE;
				CLANG_CXX_LANGUAGE_STANDARD = "gnu++14";
				CLANG_CXX_LIBRARY = "libc++";
				CLANG_ENABLE_MODULES = YES;
				CLANG_ENABLE_OBJC_ARC = YES;
				CLANG_WARN_BLOCK_CAPTURE_AUTORELEASING = YES;
				CLANG_WARN_BOOL_CONVERSION = YES;
				CLANG_WARN_COMMA = YES;
				CLANG_WARN_CONSTANT_CONVERSION = YES;
				CLANG_WARN_DIRECT_OBJC_ISA_USAGE = YES_ERROR;
				CLANG_WARN_DOCUMENTATION_COMMENTS = YES;
				CLANG_WARN_EMPTY_BODY = YES;
				CLANG_WARN_ENUM_CONVERSION = YES;
				CLANG_WARN_INFINITE_RECURSION = YES;
				CLANG_WARN_INT_CONVERSION = YES;
				CLANG_WARN_NON_LITERAL_NULL_CONVERSION = YES;
				CLANG_WARN_OBJC_LITERAL_CONVERSION = YES;
				CLANG_WARN_OBJC_ROOT_CLASS = YES_ERROR;
				CLANG_WARN_RANGE_LOOP_ANALYSIS = YES;
				CLANG_WARN_STRICT_PROTOTYPES = YES;
				CLANG_WARN_SUSPICIOUS_MOVE = YES;
				CLANG_WARN_UNGUARDED_AVAILABILITY = YES_AGGRESSIVE;
				CLANG_WARN_UNREACHABLE_CODE = YES;
				CLANG_WARN__DUPLICATE_METHOD_MATCH = YES;
				CODE_SIGN_IDENTITY = "iPhone Developer";
				COPY_PHASE_STRIP = NO;
				DEBUG_INFORMATION_FORMAT = "dwarf-with-dsym";
				ENABLE_NS_ASSERTIONS = NO;
				ENABLE_STRICT_OBJC_MSGSEND = YES;
				GCC_C_LANGUAGE_STANDARD = gnu11;
				GCC_NO_COMMON_BLOCKS = YES;
				GCC_WARN_64_TO_32_BIT_CONVERSION = YES;
				GCC_WARN_ABOUT_RETURN_TYPE = YES_ERROR;
				GCC_WARN_UNDECLARED_SELECTOR = YES;
				GCC_WARN_UNINITIALIZED_AUTOS = YES_AGGRESSIVE;
				GCC_WARN_UNUSED_FUNCTION = YES;
				GCC_WARN_UNUSED_VARIABLE = YES;
				IPHONEOS_DEPLOYMENT_TARGET = 11.0;
				MTL_ENABLE_DEBUG_INFO = NO;
				SDKROOT = iphoneos;
				SWIFT_OPTIMIZATION_LEVEL = "-Owholemodule";
				VALIDATE_PRODUCT = YES;
			};
			name = Release;
		};
		7D00481D1F997E3E00B02D1A /* Debug */ = {
			isa = XCBuildConfiguration;
			baseConfigurationReference = 91348999CB5C8264EC947068 /* Pods-iOSapp.debug.xcconfig */;
			buildSettings = {
				ASSETCATALOG_COMPILER_APPICON_NAME = AppIcon;
				CODE_SIGN_ENTITLEMENTS = iOSapp/iOSapp.entitlements;
				CODE_SIGN_STYLE = Automatic;
				DEVELOPMENT_TEAM = X7V5M88296;
				ENABLE_BITCODE = YES;
				FRAMEWORK_SEARCH_PATHS = (
					"$(inherited)",
					"$(PROJECT_DIR)",
				);
				INFOPLIST_FILE = iOSapp/Info.plist;
				IPHONEOS_DEPLOYMENT_TARGET = 10.0;
				LD_RUNPATH_SEARCH_PATHS = "$(inherited) @executable_path/Frameworks";
				PRODUCT_BUNDLE_IDENTIFIER = com.snip.iOSapp;
				PRODUCT_NAME = "$(TARGET_NAME)";
				SWIFT_VERSION = 4.0;
				TARGETED_DEVICE_FAMILY = "1,2";
			};
			name = Debug;
		};
		7D00481E1F997E3E00B02D1A /* Release */ = {
			isa = XCBuildConfiguration;
			baseConfigurationReference = 745EB04FB0F6A5662BCED726 /* Pods-iOSapp.release.xcconfig */;
			buildSettings = {
				ASSETCATALOG_COMPILER_APPICON_NAME = AppIcon;
				CODE_SIGN_ENTITLEMENTS = iOSapp/iOSapp.entitlements;
				CODE_SIGN_STYLE = Automatic;
				DEVELOPMENT_TEAM = X7V5M88296;
				ENABLE_BITCODE = YES;
				FRAMEWORK_SEARCH_PATHS = (
					"$(inherited)",
					"$(PROJECT_DIR)",
				);
				INFOPLIST_FILE = iOSapp/Info.plist;
				IPHONEOS_DEPLOYMENT_TARGET = 10.0;
				LD_RUNPATH_SEARCH_PATHS = "$(inherited) @executable_path/Frameworks";
				PRODUCT_BUNDLE_IDENTIFIER = com.snip.iOSapp;
				PRODUCT_NAME = "$(TARGET_NAME)";
				SWIFT_VERSION = 4.0;
				TARGETED_DEVICE_FAMILY = "1,2";
			};
			name = Release;
		};
		7D0048201F997E3E00B02D1A /* Debug */ = {
			isa = XCBuildConfiguration;
			baseConfigurationReference = E1D5804EA5353EA5B07003B4 /* Pods-iOSappTests.debug.xcconfig */;
			buildSettings = {
				ALWAYS_EMBED_SWIFT_STANDARD_LIBRARIES = YES;
				BUNDLE_LOADER = "$(TEST_HOST)";
				CODE_SIGN_STYLE = Automatic;
				INFOPLIST_FILE = iOSappTests/Info.plist;
				LD_RUNPATH_SEARCH_PATHS = "$(inherited) @executable_path/Frameworks @loader_path/Frameworks";
				PRODUCT_BUNDLE_IDENTIFIER = snipDev.iOSappTests;
				PRODUCT_NAME = "$(TARGET_NAME)";
				SWIFT_VERSION = 4.0;
				TARGETED_DEVICE_FAMILY = "1,2";
				TEST_HOST = "$(BUILT_PRODUCTS_DIR)/iOSapp.app/iOSapp";
			};
			name = Debug;
		};
		7D0048211F997E3E00B02D1A /* Release */ = {
			isa = XCBuildConfiguration;
			baseConfigurationReference = 9C3BA537D8BE27682F6F903E /* Pods-iOSappTests.release.xcconfig */;
			buildSettings = {
				ALWAYS_EMBED_SWIFT_STANDARD_LIBRARIES = YES;
				BUNDLE_LOADER = "$(TEST_HOST)";
				CODE_SIGN_STYLE = Automatic;
				INFOPLIST_FILE = iOSappTests/Info.plist;
				LD_RUNPATH_SEARCH_PATHS = "$(inherited) @executable_path/Frameworks @loader_path/Frameworks";
				PRODUCT_BUNDLE_IDENTIFIER = snipDev.iOSappTests;
				PRODUCT_NAME = "$(TARGET_NAME)";
				SWIFT_VERSION = 4.0;
				TARGETED_DEVICE_FAMILY = "1,2";
				TEST_HOST = "$(BUILT_PRODUCTS_DIR)/iOSapp.app/iOSapp";
			};
			name = Release;
		};
		7D0048231F997E3E00B02D1A /* Debug */ = {
			isa = XCBuildConfiguration;
			baseConfigurationReference = 3E2C46BA9B87356844EA8BDA /* Pods-iOSappUITests.debug.xcconfig */;
			buildSettings = {
				ALWAYS_EMBED_SWIFT_STANDARD_LIBRARIES = YES;
				CODE_SIGN_STYLE = Automatic;
				INFOPLIST_FILE = iOSappUITests/Info.plist;
				LD_RUNPATH_SEARCH_PATHS = "$(inherited) @executable_path/Frameworks @loader_path/Frameworks";
				PRODUCT_BUNDLE_IDENTIFIER = snipDev.iOSappUITests;
				PRODUCT_NAME = "$(TARGET_NAME)";
				SWIFT_VERSION = 4.0;
				TARGETED_DEVICE_FAMILY = "1,2";
				TEST_TARGET_NAME = iOSapp;
			};
			name = Debug;
		};
		7D0048241F997E3E00B02D1A /* Release */ = {
			isa = XCBuildConfiguration;
			baseConfigurationReference = 9AE570903396E22B76BAE2B1 /* Pods-iOSappUITests.release.xcconfig */;
			buildSettings = {
				ALWAYS_EMBED_SWIFT_STANDARD_LIBRARIES = YES;
				CODE_SIGN_STYLE = Automatic;
				INFOPLIST_FILE = iOSappUITests/Info.plist;
				LD_RUNPATH_SEARCH_PATHS = "$(inherited) @executable_path/Frameworks @loader_path/Frameworks";
				PRODUCT_BUNDLE_IDENTIFIER = snipDev.iOSappUITests;
				PRODUCT_NAME = "$(TARGET_NAME)";
				SWIFT_VERSION = 4.0;
				TARGETED_DEVICE_FAMILY = "1,2";
				TEST_TARGET_NAME = iOSapp;
			};
			name = Release;
		};
/* End XCBuildConfiguration section */

/* Begin XCConfigurationList section */
		7D0047EF1F997E3E00B02D1A /* Build configuration list for PBXProject "iOSapp" */ = {
			isa = XCConfigurationList;
			buildConfigurations = (
				7D00481A1F997E3E00B02D1A /* Debug */,
				7D00481B1F997E3E00B02D1A /* Release */,
			);
			defaultConfigurationIsVisible = 0;
			defaultConfigurationName = Release;
		};
		7D00481C1F997E3E00B02D1A /* Build configuration list for PBXNativeTarget "iOSapp" */ = {
			isa = XCConfigurationList;
			buildConfigurations = (
				7D00481D1F997E3E00B02D1A /* Debug */,
				7D00481E1F997E3E00B02D1A /* Release */,
			);
			defaultConfigurationIsVisible = 0;
			defaultConfigurationName = Release;
		};
		7D00481F1F997E3E00B02D1A /* Build configuration list for PBXNativeTarget "iOSappTests" */ = {
			isa = XCConfigurationList;
			buildConfigurations = (
				7D0048201F997E3E00B02D1A /* Debug */,
				7D0048211F997E3E00B02D1A /* Release */,
			);
			defaultConfigurationIsVisible = 0;
			defaultConfigurationName = Release;
		};
		7D0048221F997E3E00B02D1A /* Build configuration list for PBXNativeTarget "iOSappUITests" */ = {
			isa = XCConfigurationList;
			buildConfigurations = (
				7D0048231F997E3E00B02D1A /* Debug */,
				7D0048241F997E3E00B02D1A /* Release */,
			);
			defaultConfigurationIsVisible = 0;
			defaultConfigurationName = Release;
		};
/* End XCConfigurationList section */
	};
	rootObject = 7D0047EC1F997E3E00B02D1A /* Project object */;
}
