// !$*UTF8*$!
{
	archiveVersion = 1;
	classes = {
	};
	objectVersion = 48;
	objects = {

/* Begin PBXBuildFile section */
		23C324C9EE157B06DBFFBBE0 /* Pods_iOSappTests.framework in Frameworks */ = {isa = PBXBuildFile; fileRef = 17FCB9B9C064086142FD118B /* Pods_iOSappTests.framework */; };
		3A8512CC84CD7622905095B1 /* Pods_iOSappUITests.framework in Frameworks */ = {isa = PBXBuildFile; fileRef = 29258515623EE96CE343A996 /* Pods_iOSappUITests.framework */; };
		5C15116368D27EFFD88AD18C /* Pods_iOSapp.framework in Frameworks */ = {isa = PBXBuildFile; fileRef = 56A19260EED11E20A5BE48F1 /* Pods_iOSapp.framework */; };
		7D0047F81F997E3E00B02D1A /* AppDelegate.swift in Sources */ = {isa = PBXBuildFile; fileRef = 7D0047F71F997E3E00B02D1A /* AppDelegate.swift */; };
		7D0047FD1F997E3E00B02D1A /* Main.storyboard in Resources */ = {isa = PBXBuildFile; fileRef = 7D0047FB1F997E3E00B02D1A /* Main.storyboard */; };
		7D00480D1F997E3E00B02D1A /* iOSappTests.swift in Sources */ = {isa = PBXBuildFile; fileRef = 7D00480C1F997E3E00B02D1A /* iOSappTests.swift */; };
		7D0048181F997E3E00B02D1A /* iOSappUITests.swift in Sources */ = {isa = PBXBuildFile; fileRef = 7D0048171F997E3E00B02D1A /* iOSappUITests.swift */; };
		7D44B56B1FA418B7005482C9 /* ProgramError.swift in Sources */ = {isa = PBXBuildFile; fileRef = 7D44B56A1FA418B7005482C9 /* ProgramError.swift */; };
		7D44B56D1FA47264005482C9 /* NoError.swift in Sources */ = {isa = PBXBuildFile; fileRef = 7D44B56C1FA47264005482C9 /* NoError.swift */; };
		7D44B56F1FA6EB10005482C9 /* FeedDataSource.swift in Sources */ = {isa = PBXBuildFile; fileRef = 7D44B56E1FA6EB10005482C9 /* FeedDataSource.swift */; };
		7D44B5711FA6ECCA005482C9 /* PostData.swift in Sources */ = {isa = PBXBuildFile; fileRef = 7D44B5701FA6ECCA005482C9 /* PostData.swift */; };
		7D70D7D51FA3F05100F1AAA6 /* ImageView+Async.swift in Sources */ = {isa = PBXBuildFile; fileRef = 7D70D7D41FA3F05100F1AAA6 /* ImageView+Async.swift */; };
		7D8939B01F9FEE6F00CFFFDA /* MealTableViewCell.swift in Sources */ = {isa = PBXBuildFile; fileRef = 7D8939AF1F9FEE6F00CFFFDA /* MealTableViewCell.swift */; };
		7D92A1AC1FA033380014D31D /* Images.xcassets in Resources */ = {isa = PBXBuildFile; fileRef = 7D92A1AB1FA033380014D31D /* Images.xcassets */; };
		7DA35D0B1FA70B7A006306FD /* AppCache.swift in Sources */ = {isa = PBXBuildFile; fileRef = 7DA35D0A1FA70B7A006306FD /* AppCache.swift */; };
		7DB1BD621F9EB9E00033F67A /* TableViewController.swift in Sources */ = {isa = PBXBuildFile; fileRef = 7D5DAA301F9EB549000FFC15 /* TableViewController.swift */; };
/* End PBXBuildFile section */

/* Begin PBXContainerItemProxy section */
		7D0048091F997E3E00B02D1A /* PBXContainerItemProxy */ = {
			isa = PBXContainerItemProxy;
			containerPortal = 7D0047EC1F997E3E00B02D1A /* Project object */;
			proxyType = 1;
			remoteGlobalIDString = 7D0047F31F997E3E00B02D1A;
			remoteInfo = iOSapp;
		};
		7D0048141F997E3E00B02D1A /* PBXContainerItemProxy */ = {
			isa = PBXContainerItemProxy;
			containerPortal = 7D0047EC1F997E3E00B02D1A /* Project object */;
			proxyType = 1;
			remoteGlobalIDString = 7D0047F31F997E3E00B02D1A;
			remoteInfo = iOSapp;
		};
/* End PBXContainerItemProxy section */

/* Begin PBXFileReference section */
		17FCB9B9C064086142FD118B /* Pods_iOSappTests.framework */ = {isa = PBXFileReference; explicitFileType = wrapper.framework; includeInIndex = 0; path = Pods_iOSappTests.framework; sourceTree = BUILT_PRODUCTS_DIR; };
		29258515623EE96CE343A996 /* Pods_iOSappUITests.framework */ = {isa = PBXFileReference; explicitFileType = wrapper.framework; includeInIndex = 0; path = Pods_iOSappUITests.framework; sourceTree = BUILT_PRODUCTS_DIR; };
		3E2C46BA9B87356844EA8BDA /* Pods-iOSappUITests.debug.xcconfig */ = {isa = PBXFileReference; includeInIndex = 1; lastKnownFileType = text.xcconfig; name = "Pods-iOSappUITests.debug.xcconfig"; path = "Pods/Target Support Files/Pods-iOSappUITests/Pods-iOSappUITests.debug.xcconfig"; sourceTree = "<group>"; };
		56A19260EED11E20A5BE48F1 /* Pods_iOSapp.framework */ = {isa = PBXFileReference; explicitFileType = wrapper.framework; includeInIndex = 0; path = Pods_iOSapp.framework; sourceTree = BUILT_PRODUCTS_DIR; };
		745EB04FB0F6A5662BCED726 /* Pods-iOSapp.release.xcconfig */ = {isa = PBXFileReference; includeInIndex = 1; lastKnownFileType = text.xcconfig; name = "Pods-iOSapp.release.xcconfig"; path = "Pods/Target Support Files/Pods-iOSapp/Pods-iOSapp.release.xcconfig"; sourceTree = "<group>"; };
		7D0047F41F997E3E00B02D1A /* iOSapp.app */ = {isa = PBXFileReference; explicitFileType = wrapper.application; includeInIndex = 0; path = iOSapp.app; sourceTree = BUILT_PRODUCTS_DIR; };
		7D0047F71F997E3E00B02D1A /* AppDelegate.swift */ = {isa = PBXFileReference; lastKnownFileType = sourcecode.swift; path = AppDelegate.swift; sourceTree = "<group>"; };
		7D0047FC1F997E3E00B02D1A /* Base */ = {isa = PBXFileReference; lastKnownFileType = file.storyboard; name = Base; path = Base.lproj/Main.storyboard; sourceTree = "<group>"; };
		7D0048031F997E3E00B02D1A /* Info.plist */ = {isa = PBXFileReference; lastKnownFileType = text.plist.xml; path = Info.plist; sourceTree = "<group>"; };
		7D0048081F997E3E00B02D1A /* iOSappTests.xctest */ = {isa = PBXFileReference; explicitFileType = wrapper.cfbundle; includeInIndex = 0; path = iOSappTests.xctest; sourceTree = BUILT_PRODUCTS_DIR; };
		7D00480C1F997E3E00B02D1A /* iOSappTests.swift */ = {isa = PBXFileReference; lastKnownFileType = sourcecode.swift; path = iOSappTests.swift; sourceTree = "<group>"; };
		7D00480E1F997E3E00B02D1A /* Info.plist */ = {isa = PBXFileReference; lastKnownFileType = text.plist.xml; path = Info.plist; sourceTree = "<group>"; };
		7D0048131F997E3E00B02D1A /* iOSappUITests.xctest */ = {isa = PBXFileReference; explicitFileType = wrapper.cfbundle; includeInIndex = 0; path = iOSappUITests.xctest; sourceTree = BUILT_PRODUCTS_DIR; };
		7D0048171F997E3E00B02D1A /* iOSappUITests.swift */ = {isa = PBXFileReference; lastKnownFileType = sourcecode.swift; path = iOSappUITests.swift; sourceTree = "<group>"; };
		7D0048191F997E3E00B02D1A /* Info.plist */ = {isa = PBXFileReference; lastKnownFileType = text.plist.xml; path = Info.plist; sourceTree = "<group>"; };
		7D44B56A1FA418B7005482C9 /* ProgramError.swift */ = {isa = PBXFileReference; lastKnownFileType = sourcecode.swift; path = ProgramError.swift; sourceTree = "<group>"; };
		7D44B56C1FA47264005482C9 /* NoError.swift */ = {isa = PBXFileReference; lastKnownFileType = sourcecode.swift; path = NoError.swift; sourceTree = "<group>"; };
		7D44B56E1FA6EB10005482C9 /* FeedDataSource.swift */ = {isa = PBXFileReference; lastKnownFileType = sourcecode.swift; path = FeedDataSource.swift; sourceTree = "<group>"; };
		7D44B5701FA6ECCA005482C9 /* PostData.swift */ = {isa = PBXFileReference; lastKnownFileType = sourcecode.swift; path = PostData.swift; sourceTree = "<group>"; };
		7D5DAA301F9EB549000FFC15 /* TableViewController.swift */ = {isa = PBXFileReference; lastKnownFileType = sourcecode.swift; path = TableViewController.swift; sourceTree = "<group>"; };
		7D70D7D41FA3F05100F1AAA6 /* ImageView+Async.swift */ = {isa = PBXFileReference; lastKnownFileType = sourcecode.swift; path = "ImageView+Async.swift"; sourceTree = "<group>"; };
		7D8939AF1F9FEE6F00CFFFDA /* MealTableViewCell.swift */ = {isa = PBXFileReference; lastKnownFileType = sourcecode.swift; path = MealTableViewCell.swift; sourceTree = "<group>"; };
		7D92A1AB1FA033380014D31D /* Images.xcassets */ = {isa = PBXFileReference; lastKnownFileType = folder.assetcatalog; path = Images.xcassets; sourceTree = "<group>"; };
		7DA35D0A1FA70B7A006306FD /* AppCache.swift */ = {isa = PBXFileReference; lastKnownFileType = sourcecode.swift; path = AppCache.swift; sourceTree = "<group>"; };
		91348999CB5C8264EC947068 /* Pods-iOSapp.debug.xcconfig */ = {isa = PBXFileReference; includeInIndex = 1; lastKnownFileType = text.xcconfig; name = "Pods-iOSapp.debug.xcconfig"; path = "Pods/Target Support Files/Pods-iOSapp/Pods-iOSapp.debug.xcconfig"; sourceTree = "<group>"; };
		9AE570903396E22B76BAE2B1 /* Pods-iOSappUITests.release.xcconfig */ = {isa = PBXFileReference; includeInIndex = 1; lastKnownFileType = text.xcconfig; name = "Pods-iOSappUITests.release.xcconfig"; path = "Pods/Target Support Files/Pods-iOSappUITests/Pods-iOSappUITests.release.xcconfig"; sourceTree = "<group>"; };
		9C3BA537D8BE27682F6F903E /* Pods-iOSappTests.release.xcconfig */ = {isa = PBXFileReference; includeInIndex = 1; lastKnownFileType = text.xcconfig; name = "Pods-iOSappTests.release.xcconfig"; path = "Pods/Target Support Files/Pods-iOSappTests/Pods-iOSappTests.release.xcconfig"; sourceTree = "<group>"; };
		E1D5804EA5353EA5B07003B4 /* Pods-iOSappTests.debug.xcconfig */ = {isa = PBXFileReference; includeInIndex = 1; lastKnownFileType = text.xcconfig; name = "Pods-iOSappTests.debug.xcconfig"; path = "Pods/Target Support Files/Pods-iOSappTests/Pods-iOSappTests.debug.xcconfig"; sourceTree = "<group>"; };
/* End PBXFileReference section */

/* Begin PBXFrameworksBuildPhase section */
		7D0047F11F997E3E00B02D1A /* Frameworks */ = {
			isa = PBXFrameworksBuildPhase;
			buildActionMask = 2147483647;
			files = (
				5C15116368D27EFFD88AD18C /* Pods_iOSapp.framework in Frameworks */,
			);
			runOnlyForDeploymentPostprocessing = 0;
		};
		7D0048051F997E3E00B02D1A /* Frameworks */ = {
			isa = PBXFrameworksBuildPhase;
			buildActionMask = 2147483647;
			files = (
				23C324C9EE157B06DBFFBBE0 /* Pods_iOSappTests.framework in Frameworks */,
			);
			runOnlyForDeploymentPostprocessing = 0;
		};
		7D0048101F997E3E00B02D1A /* Frameworks */ = {
			isa = PBXFrameworksBuildPhase;
			buildActionMask = 2147483647;
			files = (
				3A8512CC84CD7622905095B1 /* Pods_iOSappUITests.framework in Frameworks */,
			);
			runOnlyForDeploymentPostprocessing = 0;
		};
/* End PBXFrameworksBuildPhase section */

/* Begin PBXGroup section */
		2C604CBE59E665C044EE0051 /* Pods */ = {
			isa = PBXGroup;
			children = (
				91348999CB5C8264EC947068 /* Pods-iOSapp.debug.xcconfig */,
				745EB04FB0F6A5662BCED726 /* Pods-iOSapp.release.xcconfig */,
				E1D5804EA5353EA5B07003B4 /* Pods-iOSappTests.debug.xcconfig */,
				9C3BA537D8BE27682F6F903E /* Pods-iOSappTests.release.xcconfig */,
				3E2C46BA9B87356844EA8BDA /* Pods-iOSappUITests.debug.xcconfig */,
				9AE570903396E22B76BAE2B1 /* Pods-iOSappUITests.release.xcconfig */,
			);
			name = Pods;
			sourceTree = "<group>";
		};
		7D0047EB1F997E3E00B02D1A = {
			isa = PBXGroup;
			children = (
				7D0047F61F997E3E00B02D1A /* iOSapp */,
				7D00480B1F997E3E00B02D1A /* iOSappTests */,
				7D0048161F997E3E00B02D1A /* iOSappUITests */,
				7D0047F51F997E3E00B02D1A /* Products */,
				2C604CBE59E665C044EE0051 /* Pods */,
				A507D6DA4394F34C2DF4925E /* Frameworks */,
			);
			sourceTree = "<group>";
		};
		7D0047F51F997E3E00B02D1A /* Products */ = {
			isa = PBXGroup;
			children = (
				7D0047F41F997E3E00B02D1A /* iOSapp.app */,
				7D0048081F997E3E00B02D1A /* iOSappTests.xctest */,
				7D0048131F997E3E00B02D1A /* iOSappUITests.xctest */,
			);
			name = Products;
			sourceTree = "<group>";
		};
		7D0047F61F997E3E00B02D1A /* iOSapp */ = {
			isa = PBXGroup;
			children = (
				7D0047F71F997E3E00B02D1A /* AppDelegate.swift */,
				7D5DAA301F9EB549000FFC15 /* TableViewController.swift */,
				7D0047FB1F997E3E00B02D1A /* Main.storyboard */,
				7D8939AF1F9FEE6F00CFFFDA /* MealTableViewCell.swift */,
				7D92A1AB1FA033380014D31D /* Images.xcassets */,
				7D0048031F997E3E00B02D1A /* Info.plist */,
				7D70D7D41FA3F05100F1AAA6 /* ImageView+Async.swift */,
				7D44B56A1FA418B7005482C9 /* ProgramError.swift */,
				7D44B56C1FA47264005482C9 /* NoError.swift */,
				7D44B56E1FA6EB10005482C9 /* FeedDataSource.swift */,
				7D44B5701FA6ECCA005482C9 /* PostData.swift */,
				7DA35D0A1FA70B7A006306FD /* AppCache.swift */,
			);
			path = iOSapp;
			sourceTree = "<group>";
		};
		7D00480B1F997E3E00B02D1A /* iOSappTests */ = {
			isa = PBXGroup;
			children = (
				7D00480C1F997E3E00B02D1A /* iOSappTests.swift */,
				7D00480E1F997E3E00B02D1A /* Info.plist */,
			);
			path = iOSappTests;
			sourceTree = "<group>";
		};
		7D0048161F997E3E00B02D1A /* iOSappUITests */ = {
			isa = PBXGroup;
			children = (
				7D0048171F997E3E00B02D1A /* iOSappUITests.swift */,
				7D0048191F997E3E00B02D1A /* Info.plist */,
			);
			path = iOSappUITests;
			sourceTree = "<group>";
		};
		A507D6DA4394F34C2DF4925E /* Frameworks */ = {
			isa = PBXGroup;
			children = (
				56A19260EED11E20A5BE48F1 /* Pods_iOSapp.framework */,
				17FCB9B9C064086142FD118B /* Pods_iOSappTests.framework */,
				29258515623EE96CE343A996 /* Pods_iOSappUITests.framework */,
			);
			name = Frameworks;
			sourceTree = "<group>";
		};
/* End PBXGroup section */

/* Begin PBXNativeTarget section */
		7D0047F31F997E3E00B02D1A /* iOSapp */ = {
			isa = PBXNativeTarget;
			buildConfigurationList = 7D00481C1F997E3E00B02D1A /* Build configuration list for PBXNativeTarget "iOSapp" */;
			buildPhases = (
				1979404CA2B6B1131D8A5CA2 /* [CP] Check Pods Manifest.lock */,
				7D0047F01F997E3E00B02D1A /* Sources */,
				7D0047F11F997E3E00B02D1A /* Frameworks */,
				7D0047F21F997E3E00B02D1A /* Resources */,
				29C32672D94A7746FBBDFCE4 /* [CP] Embed Pods Frameworks */,
				4DD94CD9FE6FED2DC3329E1A /* [CP] Copy Pods Resources */,
			);
			buildRules = (
			);
			dependencies = (
			);
			name = iOSapp;
			productName = iOSapp;
			productReference = 7D0047F41F997E3E00B02D1A /* iOSapp.app */;
			productType = "com.apple.product-type.application";
		};
		7D0048071F997E3E00B02D1A /* iOSappTests */ = {
			isa = PBXNativeTarget;
			buildConfigurationList = 7D00481F1F997E3E00B02D1A /* Build configuration list for PBXNativeTarget "iOSappTests" */;
			buildPhases = (
				750246B33D3DC0E8AC7880CB /* [CP] Check Pods Manifest.lock */,
				7D0048041F997E3E00B02D1A /* Sources */,
				7D0048051F997E3E00B02D1A /* Frameworks */,
				7D0048061F997E3E00B02D1A /* Resources */,
				22D3EDD2E138C4AFBD1B1979 /* [CP] Embed Pods Frameworks */,
				E8A779EF566AB89A0CEFA03A /* [CP] Copy Pods Resources */,
			);
			buildRules = (
			);
			dependencies = (
				7D00480A1F997E3E00B02D1A /* PBXTargetDependency */,
			);
			name = iOSappTests;
			productName = iOSappTests;
			productReference = 7D0048081F997E3E00B02D1A /* iOSappTests.xctest */;
			productType = "com.apple.product-type.bundle.unit-test";
		};
		7D0048121F997E3E00B02D1A /* iOSappUITests */ = {
			isa = PBXNativeTarget;
			buildConfigurationList = 7D0048221F997E3E00B02D1A /* Build configuration list for PBXNativeTarget "iOSappUITests" */;
			buildPhases = (
				EBA97F788E7E75D059F59D08 /* [CP] Check Pods Manifest.lock */,
				7D00480F1F997E3E00B02D1A /* Sources */,
				7D0048101F997E3E00B02D1A /* Frameworks */,
				7D0048111F997E3E00B02D1A /* Resources */,
				6726AFE84AE0DF521555DBC6 /* [CP] Embed Pods Frameworks */,
				77C81A3D41A2959C6A56CD8D /* [CP] Copy Pods Resources */,
			);
			buildRules = (
			);
			dependencies = (
				7D0048151F997E3E00B02D1A /* PBXTargetDependency */,
			);
			name = iOSappUITests;
			productName = iOSappUITests;
			productReference = 7D0048131F997E3E00B02D1A /* iOSappUITests.xctest */;
			productType = "com.apple.product-type.bundle.ui-testing";
		};
/* End PBXNativeTarget section */

/* Begin PBXProject section */
		7D0047EC1F997E3E00B02D1A /* Project object */ = {
			isa = PBXProject;
			attributes = {
				LastSwiftUpdateCheck = 0900;
				LastUpgradeCheck = 0900;
				ORGANIZATIONNAME = "Ran Reichman";
				TargetAttributes = {
					7D0047F31F997E3E00B02D1A = {
						CreatedOnToolsVersion = 9.0.1;
						ProvisioningStyle = Automatic;
					};
					7D0048071F997E3E00B02D1A = {
						CreatedOnToolsVersion = 9.0.1;
						ProvisioningStyle = Automatic;
						TestTargetID = 7D0047F31F997E3E00B02D1A;
					};
					7D0048121F997E3E00B02D1A = {
						CreatedOnToolsVersion = 9.0.1;
						ProvisioningStyle = Automatic;
						TestTargetID = 7D0047F31F997E3E00B02D1A;
					};
				};
			};
			buildConfigurationList = 7D0047EF1F997E3E00B02D1A /* Build configuration list for PBXProject "iOSapp" */;
			compatibilityVersion = "Xcode 8.0";
			developmentRegion = en;
			hasScannedForEncodings = 0;
			knownRegions = (
				en,
				Base,
			);
			mainGroup = 7D0047EB1F997E3E00B02D1A;
			productRefGroup = 7D0047F51F997E3E00B02D1A /* Products */;
			projectDirPath = "";
			projectRoot = "";
			targets = (
				7D0047F31F997E3E00B02D1A /* iOSapp */,
				7D0048071F997E3E00B02D1A /* iOSappTests */,
				7D0048121F997E3E00B02D1A /* iOSappUITests */,
			);
		};
/* End PBXProject section */

/* Begin PBXResourcesBuildPhase section */
		7D0047F21F997E3E00B02D1A /* Resources */ = {
			isa = PBXResourcesBuildPhase;
			buildActionMask = 2147483647;
			files = (
				7D0047FD1F997E3E00B02D1A /* Main.storyboard in Resources */,
				7D92A1AC1FA033380014D31D /* Images.xcassets in Resources */,
			);
			runOnlyForDeploymentPostprocessing = 0;
		};
		7D0048061F997E3E00B02D1A /* Resources */ = {
			isa = PBXResourcesBuildPhase;
			buildActionMask = 2147483647;
			files = (
			);
			runOnlyForDeploymentPostprocessing = 0;
		};
		7D0048111F997E3E00B02D1A /* Resources */ = {
			isa = PBXResourcesBuildPhase;
			buildActionMask = 2147483647;
			files = (
			);
			runOnlyForDeploymentPostprocessing = 0;
		};
/* End PBXResourcesBuildPhase section */

/* Begin PBXShellScriptBuildPhase section */
		1979404CA2B6B1131D8A5CA2 /* [CP] Check Pods Manifest.lock */ = {
			isa = PBXShellScriptBuildPhase;
			buildActionMask = 2147483647;
			files = (
			);
			inputPaths = (
				"${PODS_PODFILE_DIR_PATH}/Podfile.lock",
				"${PODS_ROOT}/Manifest.lock",
			);
			name = "[CP] Check Pods Manifest.lock";
			outputPaths = (
				"$(DERIVED_FILE_DIR)/Pods-iOSapp-checkManifestLockResult.txt",
			);
			runOnlyForDeploymentPostprocessing = 0;
			shellPath = /bin/sh;
			shellScript = "diff \"${PODS_PODFILE_DIR_PATH}/Podfile.lock\" \"${PODS_ROOT}/Manifest.lock\" > /dev/null\nif [ $? != 0 ] ; then\n    # print error to STDERR\n    echo \"error: The sandbox is not in sync with the Podfile.lock. Run 'pod install' or update your CocoaPods installation.\" >&2\n    exit 1\nfi\n# This output is used by Xcode 'outputs' to avoid re-running this script phase.\necho \"SUCCESS\" > \"${SCRIPT_OUTPUT_FILE_0}\"\n";
			showEnvVarsInLog = 0;
		};
		22D3EDD2E138C4AFBD1B1979 /* [CP] Embed Pods Frameworks */ = {
			isa = PBXShellScriptBuildPhase;
			buildActionMask = 2147483647;
			files = (
			);
			inputPaths = (
			);
			name = "[CP] Embed Pods Frameworks";
			outputPaths = (
			);
			runOnlyForDeploymentPostprocessing = 0;
			shellPath = /bin/sh;
			shellScript = "\"${SRCROOT}/Pods/Target Support Files/Pods-iOSappTests/Pods-iOSappTests-frameworks.sh\"\n";
			showEnvVarsInLog = 0;
		};
		29C32672D94A7746FBBDFCE4 /* [CP] Embed Pods Frameworks */ = {
			isa = PBXShellScriptBuildPhase;
			buildActionMask = 2147483647;
			files = (
			);
			inputPaths = (
				"${SRCROOT}/Pods/Target Support Files/Pods-iOSapp/Pods-iOSapp-frameworks.sh",
				"${BUILT_PRODUCTS_DIR}/Cache/Cache.framework",
				"${BUILT_PRODUCTS_DIR}/ReadMoreTextView/ReadMoreTextView.framework",
			);
			name = "[CP] Embed Pods Frameworks";
			outputPaths = (
				"${TARGET_BUILD_DIR}/${FRAMEWORKS_FOLDER_PATH}/Cache.framework",
				"${TARGET_BUILD_DIR}/${FRAMEWORKS_FOLDER_PATH}/ReadMoreTextView.framework",
			);
			runOnlyForDeploymentPostprocessing = 0;
			shellPath = /bin/sh;
			shellScript = "\"${SRCROOT}/Pods/Target Support Files/Pods-iOSapp/Pods-iOSapp-frameworks.sh\"\n";
			showEnvVarsInLog = 0;
		};
		4DD94CD9FE6FED2DC3329E1A /* [CP] Copy Pods Resources */ = {
			isa = PBXShellScriptBuildPhase;
			buildActionMask = 2147483647;
			files = (
			);
			inputPaths = (
			);
			name = "[CP] Copy Pods Resources";
			outputPaths = (
			);
			runOnlyForDeploymentPostprocessing = 0;
			shellPath = /bin/sh;
			shellScript = "\"${SRCROOT}/Pods/Target Support Files/Pods-iOSapp/Pods-iOSapp-resources.sh\"\n";
			showEnvVarsInLog = 0;
		};
		6726AFE84AE0DF521555DBC6 /* [CP] Embed Pods Frameworks */ = {
			isa = PBXShellScriptBuildPhase;
			buildActionMask = 2147483647;
			files = (
			);
			inputPaths = (
			);
			name = "[CP] Embed Pods Frameworks";
			outputPaths = (
			);
			runOnlyForDeploymentPostprocessing = 0;
			shellPath = /bin/sh;
			shellScript = "\"${SRCROOT}/Pods/Target Support Files/Pods-iOSappUITests/Pods-iOSappUITests-frameworks.sh\"\n";
			showEnvVarsInLog = 0;
		};
		750246B33D3DC0E8AC7880CB /* [CP] Check Pods Manifest.lock */ = {
			isa = PBXShellScriptBuildPhase;
			buildActionMask = 2147483647;
			files = (
			);
			inputPaths = (
				"${PODS_PODFILE_DIR_PATH}/Podfile.lock",
				"${PODS_ROOT}/Manifest.lock",
			);
			name = "[CP] Check Pods Manifest.lock";
			outputPaths = (
				"$(DERIVED_FILE_DIR)/Pods-iOSappTests-checkManifestLockResult.txt",
			);
			runOnlyForDeploymentPostprocessing = 0;
			shellPath = /bin/sh;
			shellScript = "diff \"${PODS_PODFILE_DIR_PATH}/Podfile.lock\" \"${PODS_ROOT}/Manifest.lock\" > /dev/null\nif [ $? != 0 ] ; then\n    # print error to STDERR\n    echo \"error: The sandbox is not in sync with the Podfile.lock. Run 'pod install' or update your CocoaPods installation.\" >&2\n    exit 1\nfi\n# This output is used by Xcode 'outputs' to avoid re-running this script phase.\necho \"SUCCESS\" > \"${SCRIPT_OUTPUT_FILE_0}\"\n";
			showEnvVarsInLog = 0;
		};
		77C81A3D41A2959C6A56CD8D /* [CP] Copy Pods Resources */ = {
			isa = PBXShellScriptBuildPhase;
			buildActionMask = 2147483647;
			files = (
			);
			inputPaths = (
			);
			name = "[CP] Copy Pods Resources";
			outputPaths = (
			);
			runOnlyForDeploymentPostprocessing = 0;
			shellPath = /bin/sh;
			shellScript = "\"${SRCROOT}/Pods/Target Support Files/Pods-iOSappUITests/Pods-iOSappUITests-resources.sh\"\n";
			showEnvVarsInLog = 0;
		};
		E8A779EF566AB89A0CEFA03A /* [CP] Copy Pods Resources */ = {
			isa = PBXShellScriptBuildPhase;
			buildActionMask = 2147483647;
			files = (
			);
			inputPaths = (
			);
			name = "[CP] Copy Pods Resources";
			outputPaths = (
			);
			runOnlyForDeploymentPostprocessing = 0;
			shellPath = /bin/sh;
			shellScript = "\"${SRCROOT}/Pods/Target Support Files/Pods-iOSappTests/Pods-iOSappTests-resources.sh\"\n";
			showEnvVarsInLog = 0;
		};
		EBA97F788E7E75D059F59D08 /* [CP] Check Pods Manifest.lock */ = {
			isa = PBXShellScriptBuildPhase;
			buildActionMask = 2147483647;
			files = (
			);
			inputPaths = (
				"${PODS_PODFILE_DIR_PATH}/Podfile.lock",
				"${PODS_ROOT}/Manifest.lock",
			);
			name = "[CP] Check Pods Manifest.lock";
			outputPaths = (
				"$(DERIVED_FILE_DIR)/Pods-iOSappUITests-checkManifestLockResult.txt",
			);
			runOnlyForDeploymentPostprocessing = 0;
			shellPath = /bin/sh;
			shellScript = "diff \"${PODS_PODFILE_DIR_PATH}/Podfile.lock\" \"${PODS_ROOT}/Manifest.lock\" > /dev/null\nif [ $? != 0 ] ; then\n    # print error to STDERR\n    echo \"error: The sandbox is not in sync with the Podfile.lock. Run 'pod install' or update your CocoaPods installation.\" >&2\n    exit 1\nfi\n# This output is used by Xcode 'outputs' to avoid re-running this script phase.\necho \"SUCCESS\" > \"${SCRIPT_OUTPUT_FILE_0}\"\n";
			showEnvVarsInLog = 0;
		};
/* End PBXShellScriptBuildPhase section */

/* Begin PBXSourcesBuildPhase section */
		7D0047F01F997E3E00B02D1A /* Sources */ = {
			isa = PBXSourcesBuildPhase;
			buildActionMask = 2147483647;
			files = (
				7D0047F81F997E3E00B02D1A /* AppDelegate.swift in Sources */,
				7D44B5711FA6ECCA005482C9 /* PostData.swift in Sources */,
				7DB1BD621F9EB9E00033F67A /* TableViewController.swift in Sources */,
				7D70D7D51FA3F05100F1AAA6 /* ImageView+Async.swift in Sources */,
				7D44B56D1FA47264005482C9 /* NoError.swift in Sources */,
				7D44B56F1FA6EB10005482C9 /* FeedDataSource.swift in Sources */,
				7D44B56B1FA418B7005482C9 /* ProgramError.swift in Sources */,
				7D8939B01F9FEE6F00CFFFDA /* MealTableViewCell.swift in Sources */,
				7DA35D0B1FA70B7A006306FD /* AppCache.swift in Sources */,
			);
			runOnlyForDeploymentPostprocessing = 0;
		};
		7D0048041F997E3E00B02D1A /* Sources */ = {
			isa = PBXSourcesBuildPhase;
			buildActionMask = 2147483647;
			files = (
				7D00480D1F997E3E00B02D1A /* iOSappTests.swift in Sources */,
			);
			runOnlyForDeploymentPostprocessing = 0;
		};
		7D00480F1F997E3E00B02D1A /* Sources */ = {
			isa = PBXSourcesBuildPhase;
			buildActionMask = 2147483647;
			files = (
				7D0048181F997E3E00B02D1A /* iOSappUITests.swift in Sources */,
			);
			runOnlyForDeploymentPostprocessing = 0;
		};
/* End PBXSourcesBuildPhase section */

/* Begin PBXTargetDependency section */
		7D00480A1F997E3E00B02D1A /* PBXTargetDependency */ = {
			isa = PBXTargetDependency;
			target = 7D0047F31F997E3E00B02D1A /* iOSapp */;
			targetProxy = 7D0048091F997E3E00B02D1A /* PBXContainerItemProxy */;
		};
		7D0048151F997E3E00B02D1A /* PBXTargetDependency */ = {
			isa = PBXTargetDependency;
			target = 7D0047F31F997E3E00B02D1A /* iOSapp */;
			targetProxy = 7D0048141F997E3E00B02D1A /* PBXContainerItemProxy */;
		};
/* End PBXTargetDependency section */

/* Begin PBXVariantGroup section */
		7D0047FB1F997E3E00B02D1A /* Main.storyboard */ = {
			isa = PBXVariantGroup;
			children = (
				7D0047FC1F997E3E00B02D1A /* Base */,
			);
			name = Main.storyboard;
			sourceTree = "<group>";
		};
/* End PBXVariantGroup section */

/* Begin XCBuildConfiguration section */
		7D00481A1F997E3E00B02D1A /* Debug */ = {
			isa = XCBuildConfiguration;
			buildSettings = {
				ALWAYS_SEARCH_USER_PATHS = NO;
				CLANG_ANALYZER_NONNULL = YES;
				CLANG_ANALYZER_NUMBER_OBJECT_CONVERSION = YES_AGGRESSIVE;
				CLANG_CXX_LANGUAGE_STANDARD = "gnu++14";
				CLANG_CXX_LIBRARY = "libc++";
				CLANG_ENABLE_MODULES = YES;
				CLANG_ENABLE_OBJC_ARC = YES;
				CLANG_WARN_BLOCK_CAPTURE_AUTORELEASING = YES;
				CLANG_WARN_BOOL_CONVERSION = YES;
				CLANG_WARN_COMMA = YES;
				CLANG_WARN_CONSTANT_CONVERSION = YES;
				CLANG_WARN_DIRECT_OBJC_ISA_USAGE = YES_ERROR;
				CLANG_WARN_DOCUMENTATION_COMMENTS = YES;
				CLANG_WARN_EMPTY_BODY = YES;
				CLANG_WARN_ENUM_CONVERSION = YES;
				CLANG_WARN_INFINITE_RECURSION = YES;
				CLANG_WARN_INT_CONVERSION = YES;
				CLANG_WARN_NON_LITERAL_NULL_CONVERSION = YES;
				CLANG_WARN_OBJC_LITERAL_CONVERSION = YES;
				CLANG_WARN_OBJC_ROOT_CLASS = YES_ERROR;
				CLANG_WARN_RANGE_LOOP_ANALYSIS = YES;
				CLANG_WARN_STRICT_PROTOTYPES = YES;
				CLANG_WARN_SUSPICIOUS_MOVE = YES;
				CLANG_WARN_UNGUARDED_AVAILABILITY = YES_AGGRESSIVE;
				CLANG_WARN_UNREACHABLE_CODE = YES;
				CLANG_WARN__DUPLICATE_METHOD_MATCH = YES;
				CODE_SIGN_IDENTITY = "iPhone Developer";
				COPY_PHASE_STRIP = NO;
				DEBUG_INFORMATION_FORMAT = dwarf;
				ENABLE_STRICT_OBJC_MSGSEND = YES;
				ENABLE_TESTABILITY = YES;
				GCC_C_LANGUAGE_STANDARD = gnu11;
				GCC_DYNAMIC_NO_PIC = NO;
				GCC_NO_COMMON_BLOCKS = YES;
				GCC_OPTIMIZATION_LEVEL = 0;
				GCC_PREPROCESSOR_DEFINITIONS = (
					"DEBUG=1",
					"$(inherited)",
				);
				GCC_WARN_64_TO_32_BIT_CONVERSION = YES;
				GCC_WARN_ABOUT_RETURN_TYPE = YES_ERROR;
				GCC_WARN_UNDECLARED_SELECTOR = YES;
				GCC_WARN_UNINITIALIZED_AUTOS = YES_AGGRESSIVE;
				GCC_WARN_UNUSED_FUNCTION = YES;
				GCC_WARN_UNUSED_VARIABLE = YES;
				IPHONEOS_DEPLOYMENT_TARGET = 11.0;
				MTL_ENABLE_DEBUG_INFO = YES;
				ONLY_ACTIVE_ARCH = YES;
				SDKROOT = iphoneos;
				SWIFT_ACTIVE_COMPILATION_CONDITIONS = DEBUG;
				SWIFT_OPTIMIZATION_LEVEL = "-Onone";
			};
			name = Debug;
		};
		7D00481B1F997E3E00B02D1A /* Release */ = {
			isa = XCBuildConfiguration;
			buildSettings = {
				ALWAYS_SEARCH_USER_PATHS = NO;
				CLANG_ANALYZER_NONNULL = YES;
				CLANG_ANALYZER_NUMBER_OBJECT_CONVERSION = YES_AGGRESSIVE;
				CLANG_CXX_LANGUAGE_STANDARD = "gnu++14";
				CLANG_CXX_LIBRARY = "libc++";
				CLANG_ENABLE_MODULES = YES;
				CLANG_ENABLE_OBJC_ARC = YES;
				CLANG_WARN_BLOCK_CAPTURE_AUTORELEASING = YES;
				CLANG_WARN_BOOL_CONVERSION = YES;
				CLANG_WARN_COMMA = YES;
				CLANG_WARN_CONSTANT_CONVERSION = YES;
				CLANG_WARN_DIRECT_OBJC_ISA_USAGE = YES_ERROR;
				CLANG_WARN_DOCUMENTATION_COMMENTS = YES;
				CLANG_WARN_EMPTY_BODY = YES;
				CLANG_WARN_ENUM_CONVERSION = YES;
				CLANG_WARN_INFINITE_RECURSION = YES;
				CLANG_WARN_INT_CONVERSION = YES;
				CLANG_WARN_NON_LITERAL_NULL_CONVERSION = YES;
				CLANG_WARN_OBJC_LITERAL_CONVERSION = YES;
				CLANG_WARN_OBJC_ROOT_CLASS = YES_ERROR;
				CLANG_WARN_RANGE_LOOP_ANALYSIS = YES;
				CLANG_WARN_STRICT_PROTOTYPES = YES;
				CLANG_WARN_SUSPICIOUS_MOVE = YES;
				CLANG_WARN_UNGUARDED_AVAILABILITY = YES_AGGRESSIVE;
				CLANG_WARN_UNREACHABLE_CODE = YES;
				CLANG_WARN__DUPLICATE_METHOD_MATCH = YES;
				CODE_SIGN_IDENTITY = "iPhone Developer";
				COPY_PHASE_STRIP = NO;
				DEBUG_INFORMATION_FORMAT = "dwarf-with-dsym";
				ENABLE_NS_ASSERTIONS = NO;
				ENABLE_STRICT_OBJC_MSGSEND = YES;
				GCC_C_LANGUAGE_STANDARD = gnu11;
				GCC_NO_COMMON_BLOCKS = YES;
				GCC_WARN_64_TO_32_BIT_CONVERSION = YES;
				GCC_WARN_ABOUT_RETURN_TYPE = YES_ERROR;
				GCC_WARN_UNDECLARED_SELECTOR = YES;
				GCC_WARN_UNINITIALIZED_AUTOS = YES_AGGRESSIVE;
				GCC_WARN_UNUSED_FUNCTION = YES;
				GCC_WARN_UNUSED_VARIABLE = YES;
				IPHONEOS_DEPLOYMENT_TARGET = 11.0;
				MTL_ENABLE_DEBUG_INFO = NO;
				SDKROOT = iphoneos;
				SWIFT_OPTIMIZATION_LEVEL = "-Owholemodule";
				VALIDATE_PRODUCT = YES;
			};
			name = Release;
		};
		7D00481D1F997E3E00B02D1A /* Debug */ = {
			isa = XCBuildConfiguration;
			baseConfigurationReference = 91348999CB5C8264EC947068 /* Pods-iOSapp.debug.xcconfig */;
			buildSettings = {
				ASSETCATALOG_COMPILER_APPICON_NAME = AppIcon;
				CODE_SIGN_STYLE = Automatic;
				DEVELOPMENT_TEAM = X7V5M88296;
				INFOPLIST_FILE = iOSapp/Info.plist;
				LD_RUNPATH_SEARCH_PATHS = "$(inherited) @executable_path/Frameworks";
				PRODUCT_BUNDLE_IDENTIFIER = snipDev.iOSapp;
				PRODUCT_NAME = "$(TARGET_NAME)";
				SWIFT_VERSION = 4.0;
				TARGETED_DEVICE_FAMILY = "1,2";
			};
			name = Debug;
		};
		7D00481E1F997E3E00B02D1A /* Release */ = {
			isa = XCBuildConfiguration;
			baseConfigurationReference = 745EB04FB0F6A5662BCED726 /* Pods-iOSapp.release.xcconfig */;
			buildSettings = {
				ASSETCATALOG_COMPILER_APPICON_NAME = AppIcon;
				CODE_SIGN_STYLE = Automatic;
				DEVELOPMENT_TEAM = X7V5M88296;
				INFOPLIST_FILE = iOSapp/Info.plist;
				LD_RUNPATH_SEARCH_PATHS = "$(inherited) @executable_path/Frameworks";
				PRODUCT_BUNDLE_IDENTIFIER = snipDev.iOSapp;
				PRODUCT_NAME = "$(TARGET_NAME)";
				SWIFT_VERSION = 4.0;
				TARGETED_DEVICE_FAMILY = "1,2";
			};
			name = Release;
		};
		7D0048201F997E3E00B02D1A /* Debug */ = {
			isa = XCBuildConfiguration;
			baseConfigurationReference = E1D5804EA5353EA5B07003B4 /* Pods-iOSappTests.debug.xcconfig */;
			buildSettings = {
				ALWAYS_EMBED_SWIFT_STANDARD_LIBRARIES = YES;
				BUNDLE_LOADER = "$(TEST_HOST)";
				CODE_SIGN_STYLE = Automatic;
				INFOPLIST_FILE = iOSappTests/Info.plist;
				LD_RUNPATH_SEARCH_PATHS = "$(inherited) @executable_path/Frameworks @loader_path/Frameworks";
				PRODUCT_BUNDLE_IDENTIFIER = snipDev.iOSappTests;
				PRODUCT_NAME = "$(TARGET_NAME)";
				SWIFT_VERSION = 4.0;
				TARGETED_DEVICE_FAMILY = "1,2";
				TEST_HOST = "$(BUILT_PRODUCTS_DIR)/iOSapp.app/iOSapp";
			};
			name = Debug;
		};
		7D0048211F997E3E00B02D1A /* Release */ = {
			isa = XCBuildConfiguration;
			baseConfigurationReference = 9C3BA537D8BE27682F6F903E /* Pods-iOSappTests.release.xcconfig */;
			buildSettings = {
				ALWAYS_EMBED_SWIFT_STANDARD_LIBRARIES = YES;
				BUNDLE_LOADER = "$(TEST_HOST)";
				CODE_SIGN_STYLE = Automatic;
				INFOPLIST_FILE = iOSappTests/Info.plist;
				LD_RUNPATH_SEARCH_PATHS = "$(inherited) @executable_path/Frameworks @loader_path/Frameworks";
				PRODUCT_BUNDLE_IDENTIFIER = snipDev.iOSappTests;
				PRODUCT_NAME = "$(TARGET_NAME)";
				SWIFT_VERSION = 4.0;
				TARGETED_DEVICE_FAMILY = "1,2";
				TEST_HOST = "$(BUILT_PRODUCTS_DIR)/iOSapp.app/iOSapp";
			};
			name = Release;
		};
		7D0048231F997E3E00B02D1A /* Debug */ = {
			isa = XCBuildConfiguration;
			baseConfigurationReference = 3E2C46BA9B87356844EA8BDA /* Pods-iOSappUITests.debug.xcconfig */;
			buildSettings = {
				ALWAYS_EMBED_SWIFT_STANDARD_LIBRARIES = YES;
				CODE_SIGN_STYLE = Automatic;
				INFOPLIST_FILE = iOSappUITests/Info.plist;
				LD_RUNPATH_SEARCH_PATHS = "$(inherited) @executable_path/Frameworks @loader_path/Frameworks";
				PRODUCT_BUNDLE_IDENTIFIER = snipDev.iOSappUITests;
				PRODUCT_NAME = "$(TARGET_NAME)";
				SWIFT_VERSION = 4.0;
				TARGETED_DEVICE_FAMILY = "1,2";
				TEST_TARGET_NAME = iOSapp;
			};
			name = Debug;
		};
		7D0048241F997E3E00B02D1A /* Release */ = {
			isa = XCBuildConfiguration;
			baseConfigurationReference = 9AE570903396E22B76BAE2B1 /* Pods-iOSappUITests.release.xcconfig */;
			buildSettings = {
				ALWAYS_EMBED_SWIFT_STANDARD_LIBRARIES = YES;
				CODE_SIGN_STYLE = Automatic;
				INFOPLIST_FILE = iOSappUITests/Info.plist;
				LD_RUNPATH_SEARCH_PATHS = "$(inherited) @executable_path/Frameworks @loader_path/Frameworks";
				PRODUCT_BUNDLE_IDENTIFIER = snipDev.iOSappUITests;
				PRODUCT_NAME = "$(TARGET_NAME)";
				SWIFT_VERSION = 4.0;
				TARGETED_DEVICE_FAMILY = "1,2";
				TEST_TARGET_NAME = iOSapp;
			};
			name = Release;
		};
/* End XCBuildConfiguration section */

/* Begin XCConfigurationList section */
		7D0047EF1F997E3E00B02D1A /* Build configuration list for PBXProject "iOSapp" */ = {
			isa = XCConfigurationList;
			buildConfigurations = (
				7D00481A1F997E3E00B02D1A /* Debug */,
				7D00481B1F997E3E00B02D1A /* Release */,
			);
			defaultConfigurationIsVisible = 0;
			defaultConfigurationName = Release;
		};
		7D00481C1F997E3E00B02D1A /* Build configuration list for PBXNativeTarget "iOSapp" */ = {
			isa = XCConfigurationList;
			buildConfigurations = (
				7D00481D1F997E3E00B02D1A /* Debug */,
				7D00481E1F997E3E00B02D1A /* Release */,
			);
			defaultConfigurationIsVisible = 0;
			defaultConfigurationName = Release;
		};
		7D00481F1F997E3E00B02D1A /* Build configuration list for PBXNativeTarget "iOSappTests" */ = {
			isa = XCConfigurationList;
			buildConfigurations = (
				7D0048201F997E3E00B02D1A /* Debug */,
				7D0048211F997E3E00B02D1A /* Release */,
			);
			defaultConfigurationIsVisible = 0;
			defaultConfigurationName = Release;
		};
		7D0048221F997E3E00B02D1A /* Build configuration list for PBXNativeTarget "iOSappUITests" */ = {
			isa = XCConfigurationList;
			buildConfigurations = (
				7D0048231F997E3E00B02D1A /* Debug */,
				7D0048241F997E3E00B02D1A /* Release */,
			);
			defaultConfigurationIsVisible = 0;
			defaultConfigurationName = Release;
		};
/* End XCConfigurationList section */
	};
	rootObject = 7D0047EC1F997E3E00B02D1A /* Project object */;
}
